{
  "object": {
    "pins": [
      {
        "package": "Charts",
        "repositoryURL": "https://github.com/danielgindi/Charts",
        "state": {
          "branch": null,
          "revision": "66546404a6739173b8e436ab6bc1f2897cd08594",
          "version": "3.6.0"
        }
      },
      {
        "package": "TPPDF",
        "repositoryURL": "https://github.com/techprimate/TPPDF",
        "state": {
          "branch": null,
          "revision": "e4577f5ac161d35fd4ad41e401b639ef68b81315",
          "version": "2.3.5"
        }
      }
    ]
  },
  "version": 1
}
