// !$*UTF8*$!
{
	archiveVersion = 1;
	classes = {
	};
	objectVersion = 55;
	objects = {

/* Begin PBXBuildFile section */
		CA0A3E7B298DA95600CB1C27 /* MoodCorrelationsView.swift in Sources */ = {isa = PBXBuildFile; fileRef = CA3382C028C9DA33004282D3 /* MoodCorrelationsView.swift */; };
		CA254E6328B7FD03006DBC8D /* Launch Screen.storyboard in Resources */ = {isa = PBXBuildFile; fileRef = CA254E6228B7FD03006DBC8D /* Launch Screen.storyboard */; };
		CA3382C128C9DA33004282D3 /* MoodCorrelationsView.swift in Sources */ = {isa = PBXBuildFile; fileRef = CA3382C028C9DA33004282D3 /* MoodCorrelationsView.swift */; };
		CA3CD3BE298F8B38002964BF /* Trends.swift in Sources */ = {isa = PBXBuildFile; fileRef = CA3CD3BD298F8B38002964BF /* Trends.swift */; };
		CA3CD3BF298F8B38002964BF /* Trends.swift in Sources */ = {isa = PBXBuildFile; fileRef = CA3CD3BD298F8B38002964BF /* Trends.swift */; };
		CA3CD3C0298F8BCF002964BF /* TrendsView.swift in Sources */ = {isa = PBXBuildFile; fileRef = CAE0D36F28BC6D7600AA0CA3 /* TrendsView.swift */; };
		CA3CD64427EC0074008F0AAE /* Disk in Frameworks */ = {isa = PBXBuildFile; productRef = CA3CD64327EC0074008F0AAE /* Disk */; };
		CA496AB327EBED7B0067EE63 /* MoodSnapApp.swift in Sources */ = {isa = PBXBuildFile; fileRef = CA496AB227EBED7B0067EE63 /* MoodSnapApp.swift */; };
		CA496ADE27EBEEBE0067EE63 /* HistoryCustomView.swift in Sources */ = {isa = PBXBuildFile; fileRef = CA496ADC27EBEEBE0067EE63 /* HistoryCustomView.swift */; };
		CA496B0527EBEEEE0067EE63 /* Constants.swift in Sources */ = {isa = PBXBuildFile; fileRef = CA496AF927EBEEEE0067EE63 /* Constants.swift */; };
		CA496B0627EBEEEE0067EE63 /* DataStructures.swift in Sources */ = {isa = PBXBuildFile; fileRef = CA496AFA27EBEEEE0067EE63 /* DataStructures.swift */; };
		CA496B0727EBEEEE0067EE63 /* Utilities.swift in Sources */ = {isa = PBXBuildFile; fileRef = CA496AFB27EBEEEE0067EE63 /* Utilities.swift */; };
		CA496B0827EBEEEF0067EE63 /* Counting.swift in Sources */ = {isa = PBXBuildFile; fileRef = CA496AFC27EBEEEE0067EE63 /* Counting.swift */; };
		CA496B0927EBEEEF0067EE63 /* Sorting.swift in Sources */ = {isa = PBXBuildFile; fileRef = CA496AFD27EBEEEE0067EE63 /* Sorting.swift */; };
		CA496B0A27EBEEEF0067EE63 /* Enumerations.swift in Sources */ = {isa = PBXBuildFile; fileRef = CA496AFE27EBEEEE0067EE63 /* Enumerations.swift */; };
		CA496B0B27EBEEEF0067EE63 /* Filtering.swift in Sources */ = {isa = PBXBuildFile; fileRef = CA496AFF27EBEEEE0067EE63 /* Filtering.swift */; };
		CA496B0C27EBEEEF0067EE63 /* Notifications.swift in Sources */ = {isa = PBXBuildFile; fileRef = CA496B0027EBEEEE0067EE63 /* Notifications.swift */; };
		CA496B0E27EBEEEF0067EE63 /* DateConverters.swift in Sources */ = {isa = PBXBuildFile; fileRef = CA496B0227EBEEEE0067EE63 /* DateConverters.swift */; };
		CA496B0F27EBEEEF0067EE63 /* GraphDataConverters.swift in Sources */ = {isa = PBXBuildFile; fileRef = CA496B0327EBEEEE0067EE63 /* GraphDataConverters.swift */; };
		CA496B1027EBEEEF0067EE63 /* Merging.swift in Sources */ = {isa = PBXBuildFile; fileRef = CA496B0427EBEEEE0067EE63 /* Merging.swift */; };
		CA496B1227EBEEFC0067EE63 /* Assets.xcassets in Resources */ = {isa = PBXBuildFile; fileRef = CA496B1127EBEEFC0067EE63 /* Assets.xcassets */; };
		CA496B6F27EBEF2A0067EE63 /* InfluencesSymptomView.swift in Sources */ = {isa = PBXBuildFile; fileRef = CA496B1427EBEF290067EE63 /* InfluencesSymptomView.swift */; };
		CA496B7027EBEF2A0067EE63 /* WalkingRunningDistanceView.swift in Sources */ = {isa = PBXBuildFile; fileRef = CA496B1527EBEF290067EE63 /* WalkingRunningDistanceView.swift */; };
		CA496B7127EBEF2A0067EE63 /* ActiveEnergyView.swift in Sources */ = {isa = PBXBuildFile; fileRef = CA496B1627EBEF290067EE63 /* ActiveEnergyView.swift */; };
		CA496B7227EBEF2A0067EE63 /* SlidingAverageView.swift in Sources */ = {isa = PBXBuildFile; fileRef = CA496B1727EBEF290067EE63 /* SlidingAverageView.swift */; };
		CA496B7327EBEF2A0067EE63 /* InfluencesActivityView.swift in Sources */ = {isa = PBXBuildFile; fileRef = CA496B1827EBEF290067EE63 /* InfluencesActivityView.swift */; };
		CA496B7427EBEF2A0067EE63 /* InfluencesSocialView.swift in Sources */ = {isa = PBXBuildFile; fileRef = CA496B1927EBEF290067EE63 /* InfluencesSocialView.swift */; };
		CA496B7527EBEF2A0067EE63 /* AverageMoodView.swift in Sources */ = {isa = PBXBuildFile; fileRef = CA496B1A27EBEF290067EE63 /* AverageMoodView.swift */; };
		CA496B7627EBEF2A0067EE63 /* SleepView.swift in Sources */ = {isa = PBXBuildFile; fileRef = CA496B1B27EBEF290067EE63 /* SleepView.swift */; };
		CA496B7727EBEF2A0067EE63 /* InsightsView.swift in Sources */ = {isa = PBXBuildFile; fileRef = CA496B1C27EBEF290067EE63 /* InsightsView.swift */; };
		CA496B7827EBEF2A0067EE63 /* TransientReferencePickerView.swift in Sources */ = {isa = PBXBuildFile; fileRef = CA496B1D27EBEF290067EE63 /* TransientReferencePickerView.swift */; };
		CA496B7927EBEF2A0067EE63 /* TallyView.swift in Sources */ = {isa = PBXBuildFile; fileRef = CA496B1E27EBEF290067EE63 /* TallyView.swift */; };
		CA496B7A27EBEF2A0067EE63 /* TransientView.swift in Sources */ = {isa = PBXBuildFile; fileRef = CA496B1F27EBEF290067EE63 /* TransientView.swift */; };
		CA496B7B27EBEF2A0067EE63 /* MenstrualView.swift in Sources */ = {isa = PBXBuildFile; fileRef = CA496B2027EBEF290067EE63 /* MenstrualView.swift */; };
		CA496B7C27EBEF2A0067EE63 /* InfluencesHashtagView.swift in Sources */ = {isa = PBXBuildFile; fileRef = CA496B2127EBEF290067EE63 /* InfluencesHashtagView.swift */; };
		CA496B7D27EBEF2A0067EE63 /* WeightView.swift in Sources */ = {isa = PBXBuildFile; fileRef = CA496B2227EBEF290067EE63 /* WeightView.swift */; };
		CA496B7E27EBEF2A0067EE63 /* InfluencesEventsView.swift in Sources */ = {isa = PBXBuildFile; fileRef = CA496B2327EBEF290067EE63 /* InfluencesEventsView.swift */; };
		CA496B7F27EBEF2A0067EE63 /* SlidingVolatilityView.swift in Sources */ = {isa = PBXBuildFile; fileRef = CA496B2427EBEF290067EE63 /* SlidingVolatilityView.swift */; };
		CA496B8027EBEF2A0067EE63 /* MoodHistoryBarView.swift in Sources */ = {isa = PBXBuildFile; fileRef = CA496B2527EBEF290067EE63 /* MoodHistoryBarView.swift */; };
		CA496B8627EBEF2A0067EE63 /* HistoryActivityView.swift in Sources */ = {isa = PBXBuildFile; fileRef = CA496B2D27EBEF290067EE63 /* HistoryActivityView.swift */; };
		CA496B8727EBEF2A0067EE63 /* HistoryMoodView.swift in Sources */ = {isa = PBXBuildFile; fileRef = CA496B2E27EBEF290067EE63 /* HistoryMoodView.swift */; };
		CA496B8827EBEF2A0067EE63 /* HistorySymptomsView.swift in Sources */ = {isa = PBXBuildFile; fileRef = CA496B2F27EBEF290067EE63 /* HistorySymptomsView.swift */; };
		CA496B8927EBEF2A0067EE63 /* HistoryEventView.swift in Sources */ = {isa = PBXBuildFile; fileRef = CA496B3027EBEF290067EE63 /* HistoryEventView.swift */; };
		CA496B8A27EBEF2A0067EE63 /* HistoryMediaView.swift in Sources */ = {isa = PBXBuildFile; fileRef = CA496B3127EBEF290067EE63 /* HistoryMediaView.swift */; };
		CA496B8B27EBEF2A0067EE63 /* HistorySocialView.swift in Sources */ = {isa = PBXBuildFile; fileRef = CA496B3227EBEF290067EE63 /* HistorySocialView.swift */; };
		CA496B8C27EBEF2A0067EE63 /* HistoryNoteView.swift in Sources */ = {isa = PBXBuildFile; fileRef = CA496B3327EBEF290067EE63 /* HistoryNoteView.swift */; };
		CA496B8D27EBEF2A0067EE63 /* HistoryItemView.swift in Sources */ = {isa = PBXBuildFile; fileRef = CA496B3427EBEF290067EE63 /* HistoryItemView.swift */; };
		CA496B8E27EBEF2A0067EE63 /* HistoryView.swift in Sources */ = {isa = PBXBuildFile; fileRef = CA496B3527EBEF290067EE63 /* HistoryView.swift */; };
		CA496B8F27EBEF2A0067EE63 /* HistoryQuoteView.swift in Sources */ = {isa = PBXBuildFile; fileRef = CA496B3627EBEF290067EE63 /* HistoryQuoteView.swift */; };
		CA496B9027EBEF2A0067EE63 /* MoodLevelsView.swift in Sources */ = {isa = PBXBuildFile; fileRef = CA496B3727EBEF290067EE63 /* MoodLevelsView.swift */; };
		CA496B9127EBEF2A0067EE63 /* EventView.swift in Sources */ = {isa = PBXBuildFile; fileRef = CA496B3927EBEF290067EE63 /* EventView.swift */; };
		CA496B9227EBEF2A0067EE63 /* SettingsView.swift in Sources */ = {isa = PBXBuildFile; fileRef = CA496B3A27EBEF290067EE63 /* SettingsView.swift */; };
		CA496B9327EBEF2A0067EE63 /* MediaView.swift in Sources */ = {isa = PBXBuildFile; fileRef = CA496B3B27EBEF290067EE63 /* MediaView.swift */; };
		CA496B9427EBEF2A0067EE63 /* NoteView.swift in Sources */ = {isa = PBXBuildFile; fileRef = CA496B3C27EBEF290067EE63 /* NoteView.swift */; };
		CA496B9527EBEF2A0067EE63 /* MoodSnapView.swift in Sources */ = {isa = PBXBuildFile; fileRef = CA496B3D27EBEF290067EE63 /* MoodSnapView.swift */; };
		CA496B9627EBEF2A0067EE63 /* IntroPopoverView.swift in Sources */ = {isa = PBXBuildFile; fileRef = CA496B3E27EBEF290067EE63 /* IntroPopoverView.swift */; };
		CA496B9827EBEF2B0067EE63 /* DatePickerView.swift in Sources */ = {isa = PBXBuildFile; fileRef = CA496B4027EBEF290067EE63 /* DatePickerView.swift */; };
		CA496B9927EBEF2B0067EE63 /* HelpView.swift in Sources */ = {isa = PBXBuildFile; fileRef = CA496B4127EBEF290067EE63 /* HelpView.swift */; };
		CA496B9A27EBEF2B0067EE63 /* ContentView.swift in Sources */ = {isa = PBXBuildFile; fileRef = CA496B4227EBEF290067EE63 /* ContentView.swift */; };
		CA496B9B27EBEF2B0067EE63 /* ControlView.swift in Sources */ = {isa = PBXBuildFile; fileRef = CA496B4327EBEF290067EE63 /* ControlView.swift */; };
		CA496B9C27EBEF2B0067EE63 /* TestData.swift in Sources */ = {isa = PBXBuildFile; fileRef = CA496B4527EBEF2A0067EE63 /* TestData.swift */; };
		CA496B9E27EBEF2B0067EE63 /* UX.swift in Sources */ = {isa = PBXBuildFile; fileRef = CA496B4927EBEF2A0067EE63 /* UX.swift */; };
		CA496B9F27EBEF2B0067EE63 /* Color.swift in Sources */ = {isa = PBXBuildFile; fileRef = CA496B4A27EBEF2A0067EE63 /* Color.swift */; };
		CA496BA227EBEF2B0067EE63 /* FileSystem.swift in Sources */ = {isa = PBXBuildFile; fileRef = CA496B4F27EBEF2A0067EE63 /* FileSystem.swift */; };
		CA496BA327EBEF2B0067EE63 /* ImagePicker.swift in Sources */ = {isa = PBXBuildFile; fileRef = CA496B5027EBEF2A0067EE63 /* ImagePicker.swift */; };
		CA496BA427EBEF2B0067EE63 /* JSON.swift in Sources */ = {isa = PBXBuildFile; fileRef = CA496B5227EBEF2A0067EE63 /* JSON.swift */; };
		CA496BA627EBEF2B0067EE63 /* DataStore.swift in Sources */ = {isa = PBXBuildFile; fileRef = CA496B5427EBEF2A0067EE63 /* DataStore.swift */; };
		CA496BA827EBEF2B0067EE63 /* PDFSingleSlidingVolatilityView.swift in Sources */ = {isa = PBXBuildFile; fileRef = CA496B5927EBEF2A0067EE63 /* PDFSingleSlidingVolatilityView.swift */; };
		CA496BA927EBEF2B0067EE63 /* PDFViewUI.swift in Sources */ = {isa = PBXBuildFile; fileRef = CA496B5A27EBEF2A0067EE63 /* PDFViewUI.swift */; };
		CA496BAA27EBEF2B0067EE63 /* PDFSingleSlidingAverageView.swift in Sources */ = {isa = PBXBuildFile; fileRef = CA496B5B27EBEF2A0067EE63 /* PDFSingleSlidingAverageView.swift */; };
		CA496BAB27EBEF2B0067EE63 /* PDFAverageMoodView.swift in Sources */ = {isa = PBXBuildFile; fileRef = CA496B5C27EBEF2A0067EE63 /* PDFAverageMoodView.swift */; };
		CA496BAC27EBEF2B0067EE63 /* PDFMoodHistoryBarView.swift in Sources */ = {isa = PBXBuildFile; fileRef = CA496B5D27EBEF2A0067EE63 /* PDFMoodHistoryBarView.swift */; };
		CA496BAD27EBEF2B0067EE63 /* ViewAsImage.swift in Sources */ = {isa = PBXBuildFile; fileRef = CA496B5E27EBEF2A0067EE63 /* ViewAsImage.swift */; };
		CA496BAE27EBEF2B0067EE63 /* PDFSingleMoodHistoryBarView.swift in Sources */ = {isa = PBXBuildFile; fileRef = CA496B5F27EBEF2A0067EE63 /* PDFSingleMoodHistoryBarView.swift */; };
		CA496BAF27EBEF2B0067EE63 /* ReportView.swift in Sources */ = {isa = PBXBuildFile; fileRef = CA496B6027EBEF2A0067EE63 /* ReportView.swift */; };
		CA496BB027EBEF2B0067EE63 /* GeneratePDF.swift in Sources */ = {isa = PBXBuildFile; fileRef = CA496B6127EBEF2A0067EE63 /* GeneratePDF.swift */; };
		CA496BB127EBEF2B0067EE63 /* Hashtags.swift in Sources */ = {isa = PBXBuildFile; fileRef = CA496B6327EBEF2A0067EE63 /* Hashtags.swift */; };
		CA496BB327EBEF2B0067EE63 /* Transients.swift in Sources */ = {isa = PBXBuildFile; fileRef = CA496B6627EBEF2A0067EE63 /* Transients.swift */; };
		CA496BB427EBEF2B0067EE63 /* Volatility.swift in Sources */ = {isa = PBXBuildFile; fileRef = CA496B6727EBEF2A0067EE63 /* Volatility.swift */; };
		CA496BB527EBEF2B0067EE63 /* GenerateHistory.swift in Sources */ = {isa = PBXBuildFile; fileRef = CA496B6827EBEF2A0067EE63 /* GenerateHistory.swift */; };
		CA496BB727EBEF2B0067EE63 /* Average.swift in Sources */ = {isa = PBXBuildFile; fileRef = CA496B6A27EBEF2A0067EE63 /* Average.swift */; };
		CA496BB927EBEF2B0067EE63 /* Influence.swift in Sources */ = {isa = PBXBuildFile; fileRef = CA496B6C27EBEF2A0067EE63 /* Influence.swift */; };
		CA496BBB27EBEF2B0067EE63 /* AverageMoodSnap.swift in Sources */ = {isa = PBXBuildFile; fileRef = CA496B6E27EBEF2A0067EE63 /* AverageMoodSnap.swift */; };
		CA496BC227EBF1F30067EE63 /* TPPDF in Frameworks */ = {isa = PBXBuildFile; productRef = CA496BC127EBF1F30067EE63 /* TPPDF */; };
		CA4E451F28C4F85500245FCD /* DotChart.swift in Sources */ = {isa = PBXBuildFile; fileRef = CA4E451E28C4F85500245FCD /* DotChart.swift */; };
		CA58162028B4E04D000E4C8A /* AppStoreReview.swift in Sources */ = {isa = PBXBuildFile; fileRef = CA58161F28B4E04D000E4C8A /* AppStoreReview.swift */; };
		CA58D46927ECFC4300D071B3 /* UnlockView.swift in Sources */ = {isa = PBXBuildFile; fileRef = CA58D46827ECFC4300D071B3 /* UnlockView.swift */; };
		CA5C61A82802464F003151FD /* Localizable.strings in Resources */ = {isa = PBXBuildFile; fileRef = CA5C61AA2802464F003151FD /* Localizable.strings */; };
		CA69217728154B2900E99864 /* HealthData.swift in Sources */ = {isa = PBXBuildFile; fileRef = CA69217628154B2900E99864 /* HealthData.swift */; };
		CA69217928154B8500E99864 /* Nils.swift in Sources */ = {isa = PBXBuildFile; fileRef = CA69217828154B8500E99864 /* Nils.swift */; };
		CA70912F28C843C200214B4D /* Haptic.swift in Sources */ = {isa = PBXBuildFile; fileRef = CA70912E28C843C200214B4D /* Haptic.swift */; };
		CA7775AB280CD44C0045A202 /* HealthManager.swift in Sources */ = {isa = PBXBuildFile; fileRef = CA7775AA280CD44C0045A202 /* HealthManager.swift */; };
		CA7775AF280CDB380045A202 /* HealthKit.framework in Frameworks */ = {isa = PBXBuildFile; fileRef = CA7775AE280CDB380045A202 /* HealthKit.framework */; };
		CA78D034292D89B600FBD566 /* WidgetKit.framework in Frameworks */ = {isa = PBXBuildFile; fileRef = CA78D033292D89B600FBD566 /* WidgetKit.framework */; };
		CA78D036292D89B600FBD566 /* SwiftUI.framework in Frameworks */ = {isa = PBXBuildFile; fileRef = CA78D035292D89B600FBD566 /* SwiftUI.framework */; };
		CA78D039292D89B600FBD566 /* WidgetBundle.swift in Sources */ = {isa = PBXBuildFile; fileRef = CA78D038292D89B600FBD566 /* WidgetBundle.swift */; };
		CA78D03D292D89B600FBD566 /* Widget.swift in Sources */ = {isa = PBXBuildFile; fileRef = CA78D03C292D89B600FBD566 /* Widget.swift */; };
		CA78D040292D89B700FBD566 /* Assets.xcassets in Resources */ = {isa = PBXBuildFile; fileRef = CA78D03F292D89B700FBD566 /* Assets.xcassets */; };
		CA78D042292D89B700FBD566 /* Widget.intentdefinition in Sources */ = {isa = PBXBuildFile; fileRef = CA78D03E292D89B600FBD566 /* Widget.intentdefinition */; };
		CA78D043292D89B700FBD566 /* Widget.intentdefinition in Sources */ = {isa = PBXBuildFile; fileRef = CA78D03E292D89B600FBD566 /* Widget.intentdefinition */; };
		CA78D046292D89B700FBD566 /* WidgetExtension.appex in Embed Foundation Extensions */ = {isa = PBXBuildFile; fileRef = CA78D032292D89B600FBD566 /* WidgetExtension.appex */; settings = {ATTRIBUTES = (RemoveHeadersOnCopy, ); }; };
		CA78D04B292D8A5800FBD566 /* Localizable.strings in Sources */ = {isa = PBXBuildFile; fileRef = CA5C61AA2802464F003151FD /* Localizable.strings */; };
		CA78D04C292D8A5800FBD566 /* JSON.swift in Sources */ = {isa = PBXBuildFile; fileRef = CA496B5227EBEF2A0067EE63 /* JSON.swift */; };
		CA78D04D292D8A5800FBD566 /* DataStore.swift in Sources */ = {isa = PBXBuildFile; fileRef = CA496B5427EBEF2A0067EE63 /* DataStore.swift */; };
		CA78D04E292D8A5800FBD566 /* Hashtags.swift in Sources */ = {isa = PBXBuildFile; fileRef = CA496B6327EBEF2A0067EE63 /* Hashtags.swift */; };
		CA78D04F292D8A5800FBD566 /* SlidingAverageView.swift in Sources */ = {isa = PBXBuildFile; fileRef = CA496B1727EBEF290067EE63 /* SlidingAverageView.swift */; };
		CA78D050292D8A5800FBD566 /* MoodHistoryBarView.swift in Sources */ = {isa = PBXBuildFile; fileRef = CA496B2527EBEF290067EE63 /* MoodHistoryBarView.swift */; };
		CA78D051292D8A5800FBD566 /* MoodLevelsView.swift in Sources */ = {isa = PBXBuildFile; fileRef = CA496B3727EBEF290067EE63 /* MoodLevelsView.swift */; };
		CA78D052292D8A5800FBD566 /* LineChart.swift in Sources */ = {isa = PBXBuildFile; fileRef = CA87642B2814D7A1000FEEEC /* LineChart.swift */; };
		CA78D053292D8A5800FBD566 /* VerticalBarChart.swift in Sources */ = {isa = PBXBuildFile; fileRef = CA87642D2814D7EC000FEEEC /* VerticalBarChart.swift */; };
		CA78D054292D8A5800FBD566 /* GetDates.swift in Sources */ = {isa = PBXBuildFile; fileRef = CAAA2D1927F284380096AD22 /* GetDates.swift */; };
		CA78D055292D8A5800FBD566 /* Transients.swift in Sources */ = {isa = PBXBuildFile; fileRef = CA496B6627EBEF2A0067EE63 /* Transients.swift */; };
		CA78D056292D8A5800FBD566 /* Volatility.swift in Sources */ = {isa = PBXBuildFile; fileRef = CA496B6727EBEF2A0067EE63 /* Volatility.swift */; };
		CA78D057292D8A5800FBD566 /* GenerateHistory.swift in Sources */ = {isa = PBXBuildFile; fileRef = CA496B6827EBEF2A0067EE63 /* GenerateHistory.swift */; };
		CA78D058292D8A5800FBD566 /* Average.swift in Sources */ = {isa = PBXBuildFile; fileRef = CA496B6A27EBEF2A0067EE63 /* Average.swift */; };
		CA78D059292D8A5800FBD566 /* Correlation.swift in Sources */ = {isa = PBXBuildFile; fileRef = CAB7F2D9280DFFFF00E8A823 /* Correlation.swift */; };
		CA78D05A292D8A5800FBD566 /* Nils.swift in Sources */ = {isa = PBXBuildFile; fileRef = CA69217828154B8500E99864 /* Nils.swift */; };
		CA78D05B292D8A5800FBD566 /* Influence.swift in Sources */ = {isa = PBXBuildFile; fileRef = CA496B6C27EBEF2A0067EE63 /* Influence.swift */; };
		CA78D05C292D8A5800FBD566 /* AverageMoodSnap.swift in Sources */ = {isa = PBXBuildFile; fileRef = CA496B6E27EBEF2A0067EE63 /* AverageMoodSnap.swift */; };
		CA78D05D292D8A5800FBD566 /* UX.swift in Sources */ = {isa = PBXBuildFile; fileRef = CA496B4927EBEF2A0067EE63 /* UX.swift */; };
		CA78D05E292D8A5800FBD566 /* Color.swift in Sources */ = {isa = PBXBuildFile; fileRef = CA496B4A27EBEF2A0067EE63 /* Color.swift */; };
		CA78D05F292D8A5800FBD566 /* Constants.swift in Sources */ = {isa = PBXBuildFile; fileRef = CA496AF927EBEEEE0067EE63 /* Constants.swift */; };
		CA78D060292D8A5800FBD566 /* DataStructures.swift in Sources */ = {isa = PBXBuildFile; fileRef = CA496AFA27EBEEEE0067EE63 /* DataStructures.swift */; };
		CA78D061292D8A5800FBD566 /* Utilities.swift in Sources */ = {isa = PBXBuildFile; fileRef = CA496AFB27EBEEEE0067EE63 /* Utilities.swift */; };
		CA78D062292D8A5800FBD566 /* Haptic.swift in Sources */ = {isa = PBXBuildFile; fileRef = CA70912E28C843C200214B4D /* Haptic.swift */; };
		CA78D063292D8A5800FBD566 /* Counting.swift in Sources */ = {isa = PBXBuildFile; fileRef = CA496AFC27EBEEEE0067EE63 /* Counting.swift */; };
		CA78D064292D8A5800FBD566 /* Sorting.swift in Sources */ = {isa = PBXBuildFile; fileRef = CA496AFD27EBEEEE0067EE63 /* Sorting.swift */; };
		CA78D065292D8A5800FBD566 /* Enumerations.swift in Sources */ = {isa = PBXBuildFile; fileRef = CA496AFE27EBEEEE0067EE63 /* Enumerations.swift */; };
		CA78D066292D8A5800FBD566 /* Filtering.swift in Sources */ = {isa = PBXBuildFile; fileRef = CA496AFF27EBEEEE0067EE63 /* Filtering.swift */; };
		CA78D067292D8A5800FBD566 /* Notifications.swift in Sources */ = {isa = PBXBuildFile; fileRef = CA496B0027EBEEEE0067EE63 /* Notifications.swift */; };
		CA78D068292D8A5800FBD566 /* DateConverters.swift in Sources */ = {isa = PBXBuildFile; fileRef = CA496B0227EBEEEE0067EE63 /* DateConverters.swift */; };
		CA78D069292D8A5800FBD566 /* GraphDataConverters.swift in Sources */ = {isa = PBXBuildFile; fileRef = CA496B0327EBEEEE0067EE63 /* GraphDataConverters.swift */; };
		CA78D06A292D8A5800FBD566 /* Merging.swift in Sources */ = {isa = PBXBuildFile; fileRef = CA496B0427EBEEEE0067EE63 /* Merging.swift */; };
		CA78D06C292D8BFB00FBD566 /* HealthManager.swift in Sources */ = {isa = PBXBuildFile; fileRef = CA7775AA280CD44C0045A202 /* HealthManager.swift */; };
		CA78D06D292D8BFB00FBD566 /* HealthData.swift in Sources */ = {isa = PBXBuildFile; fileRef = CA69217628154B2900E99864 /* HealthData.swift */; };
		CA78D06F292D8C4200FBD566 /* Disk in Frameworks */ = {isa = PBXBuildFile; productRef = CA78D06E292D8C4200FBD566 /* Disk */; };
		CA78D071292D8C4700FBD566 /* TPPDF in Frameworks */ = {isa = PBXBuildFile; productRef = CA78D070292D8C4700FBD566 /* TPPDF */; };
		CA87642C2814D7A1000FEEEC /* LineChart.swift in Sources */ = {isa = PBXBuildFile; fileRef = CA87642B2814D7A1000FEEEC /* LineChart.swift */; };
		CA87642E2814D7EC000FEEEC /* VerticalBarChart.swift in Sources */ = {isa = PBXBuildFile; fileRef = CA87642D2814D7EC000FEEEC /* VerticalBarChart.swift */; };
		CA8D880C29428E6B0048F455 /* RoundedRectangleDot.swift in Sources */ = {isa = PBXBuildFile; fileRef = CA8D880B29428E6B0048F455 /* RoundedRectangleDot.swift */; };
		CA8D880D29428E6B0048F455 /* RoundedRectangleDot.swift in Sources */ = {isa = PBXBuildFile; fileRef = CA8D880B29428E6B0048F455 /* RoundedRectangleDot.swift */; };
		CA9552D6295FA42100DDF17E /* DeltasActivityView.swift in Sources */ = {isa = PBXBuildFile; fileRef = CA9552D5295FA42100DDF17E /* DeltasActivityView.swift */; };
		CA9552D8295FA58100DDF17E /* DeltasSocialView.swift in Sources */ = {isa = PBXBuildFile; fileRef = CA9552D7295FA58100DDF17E /* DeltasSocialView.swift */; };
		CA9552DA295FA64400DDF17E /* DeltasSymptomView.swift in Sources */ = {isa = PBXBuildFile; fileRef = CA9552D9295FA64400DDF17E /* DeltasSymptomView.swift */; };
		CA9552DC295FACF600DDF17E /* DeltasHashtagView.swift in Sources */ = {isa = PBXBuildFile; fileRef = CA9552DB295FACF600DDF17E /* DeltasHashtagView.swift */; };
		CAAA2D1A27F284380096AD22 /* GetDates.swift in Sources */ = {isa = PBXBuildFile; fileRef = CAAA2D1927F284380096AD22 /* GetDates.swift */; };
		CAB7DB9E28184C04004866B3 /* TransientWithPickerView.swift in Sources */ = {isa = PBXBuildFile; fileRef = CAB7DB9D28184C04004866B3 /* TransientWithPickerView.swift */; };
		CAB7F2DA280DFFFF00E8A823 /* Correlation.swift in Sources */ = {isa = PBXBuildFile; fileRef = CAB7F2D9280DFFFF00E8A823 /* Correlation.swift */; };
		CACD5D90295F87E400074612 /* DeltasView.swift in Sources */ = {isa = PBXBuildFile; fileRef = CACD5D8F295F87E400074612 /* DeltasView.swift */; };
		CACD6FEE27F1619500D71730 /* QuoteSnap.swift in Sources */ = {isa = PBXBuildFile; fileRef = CACD6FED27F1619500D71730 /* QuoteSnap.swift */; };
		CAE0D37028BC6D7600AA0CA3 /* TrendsView.swift in Sources */ = {isa = PBXBuildFile; fileRef = CAE0D36F28BC6D7600AA0CA3 /* TrendsView.swift */; };
/* End PBXBuildFile section */

/* Begin PBXContainerItemProxy section */
		CA78D044292D89B700FBD566 /* PBXContainerItemProxy */ = {
			isa = PBXContainerItemProxy;
			containerPortal = CA0FA5DD27EBEA1700B5EEE1 /* Project object */;
			proxyType = 1;
			remoteGlobalIDString = CA78D031292D89B600FBD566;
			remoteInfo = WidgetExtension;
		};
/* End PBXContainerItemProxy section */

/* Begin PBXCopyFilesBuildPhase section */
		CA78D047292D89B700FBD566 /* Embed Foundation Extensions */ = {
			isa = PBXCopyFilesBuildPhase;
			buildActionMask = 2147483647;
			dstPath = "";
			dstSubfolderSpec = 13;
			files = (
				CA78D046292D89B700FBD566 /* WidgetExtension.appex in Embed Foundation Extensions */,
			);
			name = "Embed Foundation Extensions";
			runOnlyForDeploymentPostprocessing = 0;
		};
/* End PBXCopyFilesBuildPhase section */

/* Begin PBXFileReference section */
		CA0FA5E527EBEA1700B5EEE1 /* MoodSnap.app */ = {isa = PBXFileReference; explicitFileType = wrapper.application; includeInIndex = 0; path = MoodSnap.app; sourceTree = BUILT_PRODUCTS_DIR; };
		CA254E6228B7FD03006DBC8D /* Launch Screen.storyboard */ = {isa = PBXFileReference; lastKnownFileType = file.storyboard; path = "Launch Screen.storyboard"; sourceTree = "<group>"; };
		CA3382C028C9DA33004282D3 /* MoodCorrelationsView.swift */ = {isa = PBXFileReference; lastKnownFileType = sourcecode.swift; path = MoodCorrelationsView.swift; sourceTree = "<group>"; };
		CA3CD3BD298F8B38002964BF /* Trends.swift */ = {isa = PBXFileReference; lastKnownFileType = sourcecode.swift; path = Trends.swift; sourceTree = "<group>"; };
		CA496AB227EBED7B0067EE63 /* MoodSnapApp.swift */ = {isa = PBXFileReference; lastKnownFileType = sourcecode.swift; path = MoodSnapApp.swift; sourceTree = "<group>"; };
		CA496ADC27EBEEBE0067EE63 /* HistoryCustomView.swift */ = {isa = PBXFileReference; fileEncoding = 4; lastKnownFileType = sourcecode.swift; path = HistoryCustomView.swift; sourceTree = "<group>"; };
		CA496AF927EBEEEE0067EE63 /* Constants.swift */ = {isa = PBXFileReference; fileEncoding = 4; lastKnownFileType = sourcecode.swift; path = Constants.swift; sourceTree = "<group>"; };
		CA496AFA27EBEEEE0067EE63 /* DataStructures.swift */ = {isa = PBXFileReference; fileEncoding = 4; lastKnownFileType = sourcecode.swift; path = DataStructures.swift; sourceTree = "<group>"; };
		CA496AFB27EBEEEE0067EE63 /* Utilities.swift */ = {isa = PBXFileReference; fileEncoding = 4; lastKnownFileType = sourcecode.swift; path = Utilities.swift; sourceTree = "<group>"; };
		CA496AFC27EBEEEE0067EE63 /* Counting.swift */ = {isa = PBXFileReference; fileEncoding = 4; lastKnownFileType = sourcecode.swift; path = Counting.swift; sourceTree = "<group>"; };
		CA496AFD27EBEEEE0067EE63 /* Sorting.swift */ = {isa = PBXFileReference; fileEncoding = 4; lastKnownFileType = sourcecode.swift; path = Sorting.swift; sourceTree = "<group>"; };
		CA496AFE27EBEEEE0067EE63 /* Enumerations.swift */ = {isa = PBXFileReference; fileEncoding = 4; lastKnownFileType = sourcecode.swift; path = Enumerations.swift; sourceTree = "<group>"; };
		CA496AFF27EBEEEE0067EE63 /* Filtering.swift */ = {isa = PBXFileReference; fileEncoding = 4; lastKnownFileType = sourcecode.swift; path = Filtering.swift; sourceTree = "<group>"; };
		CA496B0027EBEEEE0067EE63 /* Notifications.swift */ = {isa = PBXFileReference; fileEncoding = 4; lastKnownFileType = sourcecode.swift; path = Notifications.swift; sourceTree = "<group>"; };
		CA496B0227EBEEEE0067EE63 /* DateConverters.swift */ = {isa = PBXFileReference; fileEncoding = 4; lastKnownFileType = sourcecode.swift; path = DateConverters.swift; sourceTree = "<group>"; };
		CA496B0327EBEEEE0067EE63 /* GraphDataConverters.swift */ = {isa = PBXFileReference; fileEncoding = 4; lastKnownFileType = sourcecode.swift; path = GraphDataConverters.swift; sourceTree = "<group>"; };
		CA496B0427EBEEEE0067EE63 /* Merging.swift */ = {isa = PBXFileReference; fileEncoding = 4; lastKnownFileType = sourcecode.swift; path = Merging.swift; sourceTree = "<group>"; };
		CA496B1127EBEEFC0067EE63 /* Assets.xcassets */ = {isa = PBXFileReference; lastKnownFileType = folder.assetcatalog; path = Assets.xcassets; sourceTree = "<group>"; };
		CA496B1427EBEF290067EE63 /* InfluencesSymptomView.swift */ = {isa = PBXFileReference; fileEncoding = 4; lastKnownFileType = sourcecode.swift; path = InfluencesSymptomView.swift; sourceTree = "<group>"; };
		CA496B1527EBEF290067EE63 /* WalkingRunningDistanceView.swift */ = {isa = PBXFileReference; fileEncoding = 4; lastKnownFileType = sourcecode.swift; path = WalkingRunningDistanceView.swift; sourceTree = "<group>"; };
		CA496B1627EBEF290067EE63 /* ActiveEnergyView.swift */ = {isa = PBXFileReference; fileEncoding = 4; lastKnownFileType = sourcecode.swift; path = ActiveEnergyView.swift; sourceTree = "<group>"; };
		CA496B1727EBEF290067EE63 /* SlidingAverageView.swift */ = {isa = PBXFileReference; fileEncoding = 4; lastKnownFileType = sourcecode.swift; path = SlidingAverageView.swift; sourceTree = "<group>"; };
		CA496B1827EBEF290067EE63 /* InfluencesActivityView.swift */ = {isa = PBXFileReference; fileEncoding = 4; lastKnownFileType = sourcecode.swift; path = InfluencesActivityView.swift; sourceTree = "<group>"; };
		CA496B1927EBEF290067EE63 /* InfluencesSocialView.swift */ = {isa = PBXFileReference; fileEncoding = 4; lastKnownFileType = sourcecode.swift; path = InfluencesSocialView.swift; sourceTree = "<group>"; };
		CA496B1A27EBEF290067EE63 /* AverageMoodView.swift */ = {isa = PBXFileReference; fileEncoding = 4; lastKnownFileType = sourcecode.swift; path = AverageMoodView.swift; sourceTree = "<group>"; };
		CA496B1B27EBEF290067EE63 /* SleepView.swift */ = {isa = PBXFileReference; fileEncoding = 4; lastKnownFileType = sourcecode.swift; path = SleepView.swift; sourceTree = "<group>"; };
		CA496B1C27EBEF290067EE63 /* InsightsView.swift */ = {isa = PBXFileReference; fileEncoding = 4; lastKnownFileType = sourcecode.swift; path = InsightsView.swift; sourceTree = "<group>"; };
		CA496B1D27EBEF290067EE63 /* TransientReferencePickerView.swift */ = {isa = PBXFileReference; fileEncoding = 4; lastKnownFileType = sourcecode.swift; path = TransientReferencePickerView.swift; sourceTree = "<group>"; };
		CA496B1E27EBEF290067EE63 /* TallyView.swift */ = {isa = PBXFileReference; fileEncoding = 4; lastKnownFileType = sourcecode.swift; path = TallyView.swift; sourceTree = "<group>"; };
		CA496B1F27EBEF290067EE63 /* TransientView.swift */ = {isa = PBXFileReference; fileEncoding = 4; lastKnownFileType = sourcecode.swift; path = TransientView.swift; sourceTree = "<group>"; };
		CA496B2027EBEF290067EE63 /* MenstrualView.swift */ = {isa = PBXFileReference; fileEncoding = 4; lastKnownFileType = sourcecode.swift; path = MenstrualView.swift; sourceTree = "<group>"; };
		CA496B2127EBEF290067EE63 /* InfluencesHashtagView.swift */ = {isa = PBXFileReference; fileEncoding = 4; lastKnownFileType = sourcecode.swift; path = InfluencesHashtagView.swift; sourceTree = "<group>"; };
		CA496B2227EBEF290067EE63 /* WeightView.swift */ = {isa = PBXFileReference; fileEncoding = 4; lastKnownFileType = sourcecode.swift; path = WeightView.swift; sourceTree = "<group>"; };
		CA496B2327EBEF290067EE63 /* InfluencesEventsView.swift */ = {isa = PBXFileReference; fileEncoding = 4; lastKnownFileType = sourcecode.swift; path = InfluencesEventsView.swift; sourceTree = "<group>"; };
		CA496B2427EBEF290067EE63 /* SlidingVolatilityView.swift */ = {isa = PBXFileReference; fileEncoding = 4; lastKnownFileType = sourcecode.swift; path = SlidingVolatilityView.swift; sourceTree = "<group>"; };
		CA496B2527EBEF290067EE63 /* MoodHistoryBarView.swift */ = {isa = PBXFileReference; fileEncoding = 4; lastKnownFileType = sourcecode.swift; path = MoodHistoryBarView.swift; sourceTree = "<group>"; };
		CA496B2D27EBEF290067EE63 /* HistoryActivityView.swift */ = {isa = PBXFileReference; fileEncoding = 4; lastKnownFileType = sourcecode.swift; path = HistoryActivityView.swift; sourceTree = "<group>"; };
		CA496B2E27EBEF290067EE63 /* HistoryMoodView.swift */ = {isa = PBXFileReference; fileEncoding = 4; lastKnownFileType = sourcecode.swift; path = HistoryMoodView.swift; sourceTree = "<group>"; };
		CA496B2F27EBEF290067EE63 /* HistorySymptomsView.swift */ = {isa = PBXFileReference; fileEncoding = 4; lastKnownFileType = sourcecode.swift; path = HistorySymptomsView.swift; sourceTree = "<group>"; };
		CA496B3027EBEF290067EE63 /* HistoryEventView.swift */ = {isa = PBXFileReference; fileEncoding = 4; lastKnownFileType = sourcecode.swift; path = HistoryEventView.swift; sourceTree = "<group>"; };
		CA496B3127EBEF290067EE63 /* HistoryMediaView.swift */ = {isa = PBXFileReference; fileEncoding = 4; lastKnownFileType = sourcecode.swift; path = HistoryMediaView.swift; sourceTree = "<group>"; };
		CA496B3227EBEF290067EE63 /* HistorySocialView.swift */ = {isa = PBXFileReference; fileEncoding = 4; lastKnownFileType = sourcecode.swift; path = HistorySocialView.swift; sourceTree = "<group>"; };
		CA496B3327EBEF290067EE63 /* HistoryNoteView.swift */ = {isa = PBXFileReference; fileEncoding = 4; lastKnownFileType = sourcecode.swift; path = HistoryNoteView.swift; sourceTree = "<group>"; };
		CA496B3427EBEF290067EE63 /* HistoryItemView.swift */ = {isa = PBXFileReference; fileEncoding = 4; lastKnownFileType = sourcecode.swift; path = HistoryItemView.swift; sourceTree = "<group>"; };
		CA496B3527EBEF290067EE63 /* HistoryView.swift */ = {isa = PBXFileReference; fileEncoding = 4; lastKnownFileType = sourcecode.swift; path = HistoryView.swift; sourceTree = "<group>"; };
		CA496B3627EBEF290067EE63 /* HistoryQuoteView.swift */ = {isa = PBXFileReference; fileEncoding = 4; lastKnownFileType = sourcecode.swift; path = HistoryQuoteView.swift; sourceTree = "<group>"; };
		CA496B3727EBEF290067EE63 /* MoodLevelsView.swift */ = {isa = PBXFileReference; fileEncoding = 4; lastKnownFileType = sourcecode.swift; path = MoodLevelsView.swift; sourceTree = "<group>"; };
		CA496B3927EBEF290067EE63 /* EventView.swift */ = {isa = PBXFileReference; fileEncoding = 4; lastKnownFileType = sourcecode.swift; path = EventView.swift; sourceTree = "<group>"; };
		CA496B3A27EBEF290067EE63 /* SettingsView.swift */ = {isa = PBXFileReference; fileEncoding = 4; lastKnownFileType = sourcecode.swift; path = SettingsView.swift; sourceTree = "<group>"; };
		CA496B3B27EBEF290067EE63 /* MediaView.swift */ = {isa = PBXFileReference; fileEncoding = 4; lastKnownFileType = sourcecode.swift; path = MediaView.swift; sourceTree = "<group>"; };
		CA496B3C27EBEF290067EE63 /* NoteView.swift */ = {isa = PBXFileReference; fileEncoding = 4; lastKnownFileType = sourcecode.swift; path = NoteView.swift; sourceTree = "<group>"; };
		CA496B3D27EBEF290067EE63 /* MoodSnapView.swift */ = {isa = PBXFileReference; fileEncoding = 4; lastKnownFileType = sourcecode.swift; path = MoodSnapView.swift; sourceTree = "<group>"; };
		CA496B3E27EBEF290067EE63 /* IntroPopoverView.swift */ = {isa = PBXFileReference; fileEncoding = 4; lastKnownFileType = sourcecode.swift; path = IntroPopoverView.swift; sourceTree = "<group>"; };
		CA496B4027EBEF290067EE63 /* DatePickerView.swift */ = {isa = PBXFileReference; fileEncoding = 4; lastKnownFileType = sourcecode.swift; path = DatePickerView.swift; sourceTree = "<group>"; };
		CA496B4127EBEF290067EE63 /* HelpView.swift */ = {isa = PBXFileReference; fileEncoding = 4; lastKnownFileType = sourcecode.swift; path = HelpView.swift; sourceTree = "<group>"; };
		CA496B4227EBEF290067EE63 /* ContentView.swift */ = {isa = PBXFileReference; fileEncoding = 4; lastKnownFileType = sourcecode.swift; path = ContentView.swift; sourceTree = "<group>"; };
		CA496B4327EBEF290067EE63 /* ControlView.swift */ = {isa = PBXFileReference; fileEncoding = 4; lastKnownFileType = sourcecode.swift; path = ControlView.swift; sourceTree = "<group>"; };
		CA496B4527EBEF2A0067EE63 /* TestData.swift */ = {isa = PBXFileReference; fileEncoding = 4; lastKnownFileType = sourcecode.swift; path = TestData.swift; sourceTree = "<group>"; };
		CA496B4927EBEF2A0067EE63 /* UX.swift */ = {isa = PBXFileReference; fileEncoding = 4; lastKnownFileType = sourcecode.swift; path = UX.swift; sourceTree = "<group>"; };
		CA496B4A27EBEF2A0067EE63 /* Color.swift */ = {isa = PBXFileReference; fileEncoding = 4; lastKnownFileType = sourcecode.swift; path = Color.swift; sourceTree = "<group>"; };
		CA496B4F27EBEF2A0067EE63 /* FileSystem.swift */ = {isa = PBXFileReference; fileEncoding = 4; lastKnownFileType = sourcecode.swift; path = FileSystem.swift; sourceTree = "<group>"; };
		CA496B5027EBEF2A0067EE63 /* ImagePicker.swift */ = {isa = PBXFileReference; fileEncoding = 4; lastKnownFileType = sourcecode.swift; path = ImagePicker.swift; sourceTree = "<group>"; };
		CA496B5227EBEF2A0067EE63 /* JSON.swift */ = {isa = PBXFileReference; fileEncoding = 4; lastKnownFileType = sourcecode.swift; path = JSON.swift; sourceTree = "<group>"; };
		CA496B5427EBEF2A0067EE63 /* DataStore.swift */ = {isa = PBXFileReference; fileEncoding = 4; lastKnownFileType = sourcecode.swift; path = DataStore.swift; sourceTree = "<group>"; };
		CA496B5927EBEF2A0067EE63 /* PDFSingleSlidingVolatilityView.swift */ = {isa = PBXFileReference; fileEncoding = 4; lastKnownFileType = sourcecode.swift; path = PDFSingleSlidingVolatilityView.swift; sourceTree = "<group>"; };
		CA496B5A27EBEF2A0067EE63 /* PDFViewUI.swift */ = {isa = PBXFileReference; fileEncoding = 4; lastKnownFileType = sourcecode.swift; path = PDFViewUI.swift; sourceTree = "<group>"; };
		CA496B5B27EBEF2A0067EE63 /* PDFSingleSlidingAverageView.swift */ = {isa = PBXFileReference; fileEncoding = 4; lastKnownFileType = sourcecode.swift; path = PDFSingleSlidingAverageView.swift; sourceTree = "<group>"; };
		CA496B5C27EBEF2A0067EE63 /* PDFAverageMoodView.swift */ = {isa = PBXFileReference; fileEncoding = 4; lastKnownFileType = sourcecode.swift; path = PDFAverageMoodView.swift; sourceTree = "<group>"; };
		CA496B5D27EBEF2A0067EE63 /* PDFMoodHistoryBarView.swift */ = {isa = PBXFileReference; fileEncoding = 4; lastKnownFileType = sourcecode.swift; path = PDFMoodHistoryBarView.swift; sourceTree = "<group>"; };
		CA496B5E27EBEF2A0067EE63 /* ViewAsImage.swift */ = {isa = PBXFileReference; fileEncoding = 4; lastKnownFileType = sourcecode.swift; path = ViewAsImage.swift; sourceTree = "<group>"; };
		CA496B5F27EBEF2A0067EE63 /* PDFSingleMoodHistoryBarView.swift */ = {isa = PBXFileReference; fileEncoding = 4; lastKnownFileType = sourcecode.swift; path = PDFSingleMoodHistoryBarView.swift; sourceTree = "<group>"; };
		CA496B6027EBEF2A0067EE63 /* ReportView.swift */ = {isa = PBXFileReference; fileEncoding = 4; lastKnownFileType = sourcecode.swift; path = ReportView.swift; sourceTree = "<group>"; };
		CA496B6127EBEF2A0067EE63 /* GeneratePDF.swift */ = {isa = PBXFileReference; fileEncoding = 4; lastKnownFileType = sourcecode.swift; path = GeneratePDF.swift; sourceTree = "<group>"; };
		CA496B6327EBEF2A0067EE63 /* Hashtags.swift */ = {isa = PBXFileReference; fileEncoding = 4; lastKnownFileType = sourcecode.swift; path = Hashtags.swift; sourceTree = "<group>"; };
		CA496B6627EBEF2A0067EE63 /* Transients.swift */ = {isa = PBXFileReference; fileEncoding = 4; lastKnownFileType = sourcecode.swift; path = Transients.swift; sourceTree = "<group>"; };
		CA496B6727EBEF2A0067EE63 /* Volatility.swift */ = {isa = PBXFileReference; fileEncoding = 4; lastKnownFileType = sourcecode.swift; path = Volatility.swift; sourceTree = "<group>"; };
		CA496B6827EBEF2A0067EE63 /* GenerateHistory.swift */ = {isa = PBXFileReference; fileEncoding = 4; lastKnownFileType = sourcecode.swift; path = GenerateHistory.swift; sourceTree = "<group>"; };
		CA496B6A27EBEF2A0067EE63 /* Average.swift */ = {isa = PBXFileReference; fileEncoding = 4; lastKnownFileType = sourcecode.swift; path = Average.swift; sourceTree = "<group>"; };
		CA496B6C27EBEF2A0067EE63 /* Influence.swift */ = {isa = PBXFileReference; fileEncoding = 4; lastKnownFileType = sourcecode.swift; path = Influence.swift; sourceTree = "<group>"; };
		CA496B6E27EBEF2A0067EE63 /* AverageMoodSnap.swift */ = {isa = PBXFileReference; fileEncoding = 4; lastKnownFileType = sourcecode.swift; path = AverageMoodSnap.swift; sourceTree = "<group>"; };
		CA4E451E28C4F85500245FCD /* DotChart.swift */ = {isa = PBXFileReference; lastKnownFileType = sourcecode.swift; path = DotChart.swift; sourceTree = "<group>"; };
		CA58161F28B4E04D000E4C8A /* AppStoreReview.swift */ = {isa = PBXFileReference; lastKnownFileType = sourcecode.swift; path = AppStoreReview.swift; sourceTree = "<group>"; };
		CA58D46827ECFC4300D071B3 /* UnlockView.swift */ = {isa = PBXFileReference; lastKnownFileType = sourcecode.swift; path = UnlockView.swift; sourceTree = "<group>"; };
		CA5C61A92802464F003151FD /* en */ = {isa = PBXFileReference; lastKnownFileType = text.plist.strings; name = en; path = en.lproj/Localizable.strings; sourceTree = "<group>"; };
		CA5D3A5D29468A1200D5688B /* fr */ = {isa = PBXFileReference; lastKnownFileType = text.plist.strings; name = fr; path = fr.lproj/Localizable.strings; sourceTree = "<group>"; };
		CA5F1C632905EC080063B526 /* es */ = {isa = PBXFileReference; lastKnownFileType = text.plist.strings; name = es; path = es.lproj/Localizable.strings; sourceTree = "<group>"; };
		CA69217628154B2900E99864 /* HealthData.swift */ = {isa = PBXFileReference; lastKnownFileType = sourcecode.swift; path = HealthData.swift; sourceTree = "<group>"; };
		CA69217828154B8500E99864 /* Nils.swift */ = {isa = PBXFileReference; lastKnownFileType = sourcecode.swift; path = Nils.swift; sourceTree = "<group>"; };
		CA70912E28C843C200214B4D /* Haptic.swift */ = {isa = PBXFileReference; lastKnownFileType = sourcecode.swift; path = Haptic.swift; sourceTree = "<group>"; };
		CA7775AA280CD44C0045A202 /* HealthManager.swift */ = {isa = PBXFileReference; lastKnownFileType = sourcecode.swift; path = HealthManager.swift; sourceTree = "<group>"; };
		CA7775AC280CDB370045A202 /* MoodSnap.entitlements */ = {isa = PBXFileReference; lastKnownFileType = text.plist.entitlements; path = MoodSnap.entitlements; sourceTree = "<group>"; };
		CA7775AE280CDB380045A202 /* HealthKit.framework */ = {isa = PBXFileReference; lastKnownFileType = wrapper.framework; name = HealthKit.framework; path = System/Library/Frameworks/HealthKit.framework; sourceTree = SDKROOT; };
		CA78D032292D89B600FBD566 /* WidgetExtension.appex */ = {isa = PBXFileReference; explicitFileType = "wrapper.app-extension"; includeInIndex = 0; path = WidgetExtension.appex; sourceTree = BUILT_PRODUCTS_DIR; };
		CA78D033292D89B600FBD566 /* WidgetKit.framework */ = {isa = PBXFileReference; lastKnownFileType = wrapper.framework; name = WidgetKit.framework; path = System/Library/Frameworks/WidgetKit.framework; sourceTree = SDKROOT; };
		CA78D035292D89B600FBD566 /* SwiftUI.framework */ = {isa = PBXFileReference; lastKnownFileType = wrapper.framework; name = SwiftUI.framework; path = System/Library/Frameworks/SwiftUI.framework; sourceTree = SDKROOT; };
		CA78D038292D89B600FBD566 /* WidgetBundle.swift */ = {isa = PBXFileReference; lastKnownFileType = sourcecode.swift; path = WidgetBundle.swift; sourceTree = "<group>"; };
		CA78D03C292D89B600FBD566 /* Widget.swift */ = {isa = PBXFileReference; lastKnownFileType = sourcecode.swift; path = Widget.swift; sourceTree = "<group>"; };
		CA78D03E292D89B600FBD566 /* Widget.intentdefinition */ = {isa = PBXFileReference; lastKnownFileType = file.intentdefinition; path = Widget.intentdefinition; sourceTree = "<group>"; };
		CA78D03F292D89B700FBD566 /* Assets.xcassets */ = {isa = PBXFileReference; lastKnownFileType = folder.assetcatalog; path = Assets.xcassets; sourceTree = "<group>"; };
		CA78D041292D89B700FBD566 /* Info.plist */ = {isa = PBXFileReference; lastKnownFileType = text.plist.xml; path = Info.plist; sourceTree = "<group>"; };
		CA78D06B292D8A8700FBD566 /* WidgetExtension.entitlements */ = {isa = PBXFileReference; lastKnownFileType = text.plist.entitlements; path = WidgetExtension.entitlements; sourceTree = "<group>"; };
		CA87642B2814D7A1000FEEEC /* LineChart.swift */ = {isa = PBXFileReference; lastKnownFileType = sourcecode.swift; path = LineChart.swift; sourceTree = "<group>"; };
		CA87642D2814D7EC000FEEEC /* VerticalBarChart.swift */ = {isa = PBXFileReference; lastKnownFileType = sourcecode.swift; path = VerticalBarChart.swift; sourceTree = "<group>"; };
		CA8D880B29428E6B0048F455 /* RoundedRectangleDot.swift */ = {isa = PBXFileReference; lastKnownFileType = sourcecode.swift; path = RoundedRectangleDot.swift; sourceTree = "<group>"; };
		CA9552D5295FA42100DDF17E /* DeltasActivityView.swift */ = {isa = PBXFileReference; lastKnownFileType = sourcecode.swift; path = DeltasActivityView.swift; sourceTree = "<group>"; };
		CA9552D7295FA58100DDF17E /* DeltasSocialView.swift */ = {isa = PBXFileReference; lastKnownFileType = sourcecode.swift; path = DeltasSocialView.swift; sourceTree = "<group>"; };
		CA9552D9295FA64400DDF17E /* DeltasSymptomView.swift */ = {isa = PBXFileReference; lastKnownFileType = sourcecode.swift; path = DeltasSymptomView.swift; sourceTree = "<group>"; };
		CA9552DB295FACF600DDF17E /* DeltasHashtagView.swift */ = {isa = PBXFileReference; lastKnownFileType = sourcecode.swift; path = DeltasHashtagView.swift; sourceTree = "<group>"; };
		CAA2E88628CB5A3F007AC145 /* de */ = {isa = PBXFileReference; lastKnownFileType = text.plist.strings; name = de; path = de.lproj/Localizable.strings; sourceTree = "<group>"; };
		CAA9963D2936A1F800420A0A /* nl */ = {isa = PBXFileReference; lastKnownFileType = text.plist.strings; name = nl; path = nl.lproj/Localizable.strings; sourceTree = "<group>"; };
		CAAA2D1927F284380096AD22 /* GetDates.swift */ = {isa = PBXFileReference; lastKnownFileType = sourcecode.swift; path = GetDates.swift; sourceTree = "<group>"; };
		CAB7DB9D28184C04004866B3 /* TransientWithPickerView.swift */ = {isa = PBXFileReference; lastKnownFileType = sourcecode.swift; path = TransientWithPickerView.swift; sourceTree = "<group>"; };
		CAB7F2D9280DFFFF00E8A823 /* Correlation.swift */ = {isa = PBXFileReference; lastKnownFileType = sourcecode.swift; path = Correlation.swift; sourceTree = "<group>"; };
		CACD5D8F295F87E400074612 /* DeltasView.swift */ = {isa = PBXFileReference; lastKnownFileType = sourcecode.swift; path = DeltasView.swift; sourceTree = "<group>"; };
		CACD6FED27F1619500D71730 /* QuoteSnap.swift */ = {isa = PBXFileReference; lastKnownFileType = sourcecode.swift; path = QuoteSnap.swift; sourceTree = "<group>"; };
		CAE0D36F28BC6D7600AA0CA3 /* TrendsView.swift */ = {isa = PBXFileReference; lastKnownFileType = sourcecode.swift; path = TrendsView.swift; sourceTree = "<group>"; };
/* End PBXFileReference section */

/* Begin PBXFrameworksBuildPhase section */
		CA0FA5E227EBEA1700B5EEE1 /* Frameworks */ = {
			isa = PBXFrameworksBuildPhase;
			buildActionMask = 2147483647;
			files = (
				CA496BC227EBF1F30067EE63 /* TPPDF in Frameworks */,
				CA7775AF280CDB380045A202 /* HealthKit.framework in Frameworks */,
				CA3CD64427EC0074008F0AAE /* Disk in Frameworks */,
			);
			runOnlyForDeploymentPostprocessing = 0;
		};
		CA78D02F292D89B600FBD566 /* Frameworks */ = {
			isa = PBXFrameworksBuildPhase;
			buildActionMask = 2147483647;
			files = (
				CA78D036292D89B600FBD566 /* SwiftUI.framework in Frameworks */,
				CA78D06F292D8C4200FBD566 /* Disk in Frameworks */,
				CA78D034292D89B600FBD566 /* WidgetKit.framework in Frameworks */,
				CA78D071292D8C4700FBD566 /* TPPDF in Frameworks */,
			);
			runOnlyForDeploymentPostprocessing = 0;
		};
/* End PBXFrameworksBuildPhase section */

/* Begin PBXGroup section */
		CA0FA5DC27EBEA1700B5EEE1 = {
			isa = PBXGroup;
			children = (
				CA78D06B292D8A8700FBD566 /* WidgetExtension.entitlements */,
				CA254E6228B7FD03006DBC8D /* Launch Screen.storyboard */,
				CA7775AC280CDB370045A202 /* MoodSnap.entitlements */,
				CA5C61AA2802464F003151FD /* Localizable.strings */,
				CA496B1127EBEEFC0067EE63 /* Assets.xcassets */,
				CA496AB227EBED7B0067EE63 /* MoodSnapApp.swift */,
				CA4E452028C502CE00245FCD /* Unused */,
				CA58161E28B4E03A000E4C8A /* AppStoreReview */,
				CA7775A9280CD43B0045A202 /* HealthKit */,
				CA1D6D8027EC6057002365AC /* Quotes */,
				CA496B5127EBEF2A0067EE63 /* DataStore */,
				CA496B6227EBEF2A0067EE63 /* Hashtags */,
				CA496B2C27EBEF290067EE63 /* HistoryView */,
				CA496B1327EBEF290067EE63 /* InsightsView */,
				CA496B3827EBEF290067EE63 /* MainViews */,
				CA496B4E27EBEF2A0067EE63 /* Media */,
				CA496B5827EBEF2A0067EE63 /* PDF */,
				CA496B2627EBEF290067EE63 /* Plotting */,
				CA496B6427EBEF2A0067EE63 /* Statistics */,
				CA496B4427EBEF2A0067EE63 /* Test */,
				CA496B4727EBEF2A0067EE63 /* UX */,
				CA496AF827EBEEEE0067EE63 /* Base */,
				CA78D037292D89B600FBD566 /* Widget */,
				CA0FA5E627EBEA1700B5EEE1 /* Products */,
				CA7775AD280CDB380045A202 /* Frameworks */,
			);
			sourceTree = "<group>";
		};
		CA0FA5E627EBEA1700B5EEE1 /* Products */ = {
			isa = PBXGroup;
			children = (
				CA0FA5E527EBEA1700B5EEE1 /* MoodSnap.app */,
				CA78D032292D89B600FBD566 /* WidgetExtension.appex */,
			);
			name = Products;
			sourceTree = "<group>";
		};
		CA1D6D8027EC6057002365AC /* Quotes */ = {
			isa = PBXGroup;
			children = (
				CACD6FED27F1619500D71730 /* QuoteSnap.swift */,
			);
			path = Quotes;
			sourceTree = "<group>";
		};
		CA496AF827EBEEEE0067EE63 /* Base */ = {
			isa = PBXGroup;
			children = (
				CA496AF927EBEEEE0067EE63 /* Constants.swift */,
				CA496AFA27EBEEEE0067EE63 /* DataStructures.swift */,
				CA496AFB27EBEEEE0067EE63 /* Utilities.swift */,
				CA70912E28C843C200214B4D /* Haptic.swift */,
				CA496AFC27EBEEEE0067EE63 /* Counting.swift */,
				CA496AFD27EBEEEE0067EE63 /* Sorting.swift */,
				CA496AFE27EBEEEE0067EE63 /* Enumerations.swift */,
				CA496AFF27EBEEEE0067EE63 /* Filtering.swift */,
				CA496B0027EBEEEE0067EE63 /* Notifications.swift */,
				CA496B0227EBEEEE0067EE63 /* DateConverters.swift */,
				CA496B0327EBEEEE0067EE63 /* GraphDataConverters.swift */,
				CA496B0427EBEEEE0067EE63 /* Merging.swift */,
			);
			path = Base;
			sourceTree = "<group>";
		};
		CA496B1327EBEF290067EE63 /* InsightsView */ = {
			isa = PBXGroup;
			children = (
				CA9552D4295FA3F100DDF17E /* TransientView */,
				CABF5E2128ACABAE004D7A0F /* HealthView */,
				CA527AA328AA7CDE007AD6DC /* InfluencesView */,
				CA496B1727EBEF290067EE63 /* SlidingAverageView.swift */,
				CA496B1A27EBEF290067EE63 /* AverageMoodView.swift */,
				CA496B1C27EBEF290067EE63 /* InsightsView.swift */,
				CA496B1E27EBEF290067EE63 /* TallyView.swift */,
				CA496B2427EBEF290067EE63 /* SlidingVolatilityView.swift */,
				CA496B2527EBEF290067EE63 /* MoodHistoryBarView.swift */,
				CA3382C028C9DA33004282D3 /* MoodCorrelationsView.swift */,
				CAE0D36F28BC6D7600AA0CA3 /* TrendsView.swift */,
			);
			path = InsightsView;
			sourceTree = "<group>";
		};
		CA496B2627EBEF290067EE63 /* Plotting */ = {
			isa = PBXGroup;
			children = (
				CA496B3727EBEF290067EE63 /* MoodLevelsView.swift */,
				CA8D880B29428E6B0048F455 /* RoundedRectangleDot.swift */,
				CA87642B2814D7A1000FEEEC /* LineChart.swift */,
				CA87642D2814D7EC000FEEEC /* VerticalBarChart.swift */,
			);
			path = Plotting;
			sourceTree = "<group>";
		};
		CA496B2C27EBEF290067EE63 /* HistoryView */ = {
			isa = PBXGroup;
			children = (
				CA496ADC27EBEEBE0067EE63 /* HistoryCustomView.swift */,
				CA496B2D27EBEF290067EE63 /* HistoryActivityView.swift */,
				CA496B2E27EBEF290067EE63 /* HistoryMoodView.swift */,
				CA496B2F27EBEF290067EE63 /* HistorySymptomsView.swift */,
				CA496B3027EBEF290067EE63 /* HistoryEventView.swift */,
				CA496B3127EBEF290067EE63 /* HistoryMediaView.swift */,
				CA496B3227EBEF290067EE63 /* HistorySocialView.swift */,
				CA496B3327EBEF290067EE63 /* HistoryNoteView.swift */,
				CA496B3427EBEF290067EE63 /* HistoryItemView.swift */,
				CA496B3527EBEF290067EE63 /* HistoryView.swift */,
				CA496B3627EBEF290067EE63 /* HistoryQuoteView.swift */,
			);
			path = HistoryView;
			sourceTree = "<group>";
		};
		CA496B3827EBEF290067EE63 /* MainViews */ = {
			isa = PBXGroup;
			children = (
				CA496B3927EBEF290067EE63 /* EventView.swift */,
				CA58D46827ECFC4300D071B3 /* UnlockView.swift */,
				CA496B3A27EBEF290067EE63 /* SettingsView.swift */,
				CA496B3B27EBEF290067EE63 /* MediaView.swift */,
				CA496B3C27EBEF290067EE63 /* NoteView.swift */,
				CA496B3D27EBEF290067EE63 /* MoodSnapView.swift */,
				CA496B3E27EBEF290067EE63 /* IntroPopoverView.swift */,
				CA496B4027EBEF290067EE63 /* DatePickerView.swift */,
				CA496B4127EBEF290067EE63 /* HelpView.swift */,
				CA496B4227EBEF290067EE63 /* ContentView.swift */,
				CA496B4327EBEF290067EE63 /* ControlView.swift */,
			);
			path = MainViews;
			sourceTree = "<group>";
		};
		CA496B4427EBEF2A0067EE63 /* Test */ = {
			isa = PBXGroup;
			children = (
				CA496B4527EBEF2A0067EE63 /* TestData.swift */,
			);
			path = Test;
			sourceTree = "<group>";
		};
		CA496B4727EBEF2A0067EE63 /* UX */ = {
			isa = PBXGroup;
			children = (
				CA496B4927EBEF2A0067EE63 /* UX.swift */,
				CA496B4A27EBEF2A0067EE63 /* Color.swift */,
			);
			path = UX;
			sourceTree = "<group>";
		};
		CA496B4E27EBEF2A0067EE63 /* Media */ = {
			isa = PBXGroup;
			children = (
				CA496B4F27EBEF2A0067EE63 /* FileSystem.swift */,
				CA496B5027EBEF2A0067EE63 /* ImagePicker.swift */,
			);
			path = Media;
			sourceTree = "<group>";
		};
		CA496B5127EBEF2A0067EE63 /* DataStore */ = {
			isa = PBXGroup;
			children = (
				CA496B5227EBEF2A0067EE63 /* JSON.swift */,
				CA496B5427EBEF2A0067EE63 /* DataStore.swift */,
			);
			path = DataStore;
			sourceTree = "<group>";
		};
		CA496B5827EBEF2A0067EE63 /* PDF */ = {
			isa = PBXGroup;
			children = (
				CA496B5927EBEF2A0067EE63 /* PDFSingleSlidingVolatilityView.swift */,
				CA496B5A27EBEF2A0067EE63 /* PDFViewUI.swift */,
				CA496B5B27EBEF2A0067EE63 /* PDFSingleSlidingAverageView.swift */,
				CA496B5C27EBEF2A0067EE63 /* PDFAverageMoodView.swift */,
				CA496B5D27EBEF2A0067EE63 /* PDFMoodHistoryBarView.swift */,
				CA496B5E27EBEF2A0067EE63 /* ViewAsImage.swift */,
				CA496B5F27EBEF2A0067EE63 /* PDFSingleMoodHistoryBarView.swift */,
				CA496B6027EBEF2A0067EE63 /* ReportView.swift */,
				CA496B6127EBEF2A0067EE63 /* GeneratePDF.swift */,
			);
			path = PDF;
			sourceTree = "<group>";
		};
		CA496B6227EBEF2A0067EE63 /* Hashtags */ = {
			isa = PBXGroup;
			children = (
				CA496B6327EBEF2A0067EE63 /* Hashtags.swift */,
			);
			path = Hashtags;
			sourceTree = "<group>";
		};
		CA496B6427EBEF2A0067EE63 /* Statistics */ = {
			isa = PBXGroup;
			children = (
				CAAA2D1927F284380096AD22 /* GetDates.swift */,
				CA496B6627EBEF2A0067EE63 /* Transients.swift */,
				CA496B6727EBEF2A0067EE63 /* Volatility.swift */,
				CA496B6827EBEF2A0067EE63 /* GenerateHistory.swift */,
				CA496B6A27EBEF2A0067EE63 /* Average.swift */,
				CAB7F2D9280DFFFF00E8A823 /* Correlation.swift */,
				CA3CD3BD298F8B38002964BF /* Trends.swift */,
				CA69217828154B8500E99864 /* Nils.swift */,
				CA496B6C27EBEF2A0067EE63 /* Influence.swift */,
				CA496B6E27EBEF2A0067EE63 /* AverageMoodSnap.swift */,
			);
			path = Statistics;
			sourceTree = "<group>";
		};
		CA4E452028C502CE00245FCD /* Unused */ = {
			isa = PBXGroup;
			children = (
				CA4E451E28C4F85500245FCD /* DotChart.swift */,
			);
			path = Unused;
			sourceTree = "<group>";
		};
		CA527AA328AA7CDE007AD6DC /* InfluencesView */ = {
			isa = PBXGroup;
			children = (
				CA496B1427EBEF290067EE63 /* InfluencesSymptomView.swift */,
				CA496B1827EBEF290067EE63 /* InfluencesActivityView.swift */,
				CA496B1927EBEF290067EE63 /* InfluencesSocialView.swift */,
				CA496B2127EBEF290067EE63 /* InfluencesHashtagView.swift */,
				CA496B2327EBEF290067EE63 /* InfluencesEventsView.swift */,
			);
			path = InfluencesView;
			sourceTree = "<group>";
		};
		CA58161E28B4E03A000E4C8A /* AppStoreReview */ = {
			isa = PBXGroup;
			children = (
				CA58161F28B4E04D000E4C8A /* AppStoreReview.swift */,
			);
			path = AppStoreReview;
			sourceTree = "<group>";
		};
		CA7775A9280CD43B0045A202 /* HealthKit */ = {
			isa = PBXGroup;
			children = (
				CA7775AA280CD44C0045A202 /* HealthManager.swift */,
				CA69217628154B2900E99864 /* HealthData.swift */,
			);
			path = HealthKit;
			sourceTree = "<group>";
		};
		CA7775AD280CDB380045A202 /* Frameworks */ = {
			isa = PBXGroup;
			children = (
				CA7775AE280CDB380045A202 /* HealthKit.framework */,
				CA78D033292D89B600FBD566 /* WidgetKit.framework */,
				CA78D035292D89B600FBD566 /* SwiftUI.framework */,
			);
			name = Frameworks;
			sourceTree = "<group>";
		};
		CA78D037292D89B600FBD566 /* Widget */ = {
			isa = PBXGroup;
			children = (
				CA78D038292D89B600FBD566 /* WidgetBundle.swift */,
				CA78D03C292D89B600FBD566 /* Widget.swift */,
				CA78D03E292D89B600FBD566 /* Widget.intentdefinition */,
				CA78D03F292D89B700FBD566 /* Assets.xcassets */,
				CA78D041292D89B700FBD566 /* Info.plist */,
			);
			path = Widget;
			sourceTree = "<group>";
		};
		CA9552D4295FA3F100DDF17E /* TransientView */ = {
			isa = PBXGroup;
			children = (
				CAB7DB9D28184C04004866B3 /* TransientWithPickerView.swift */,
				CA496B1D27EBEF290067EE63 /* TransientReferencePickerView.swift */,
				CA496B1F27EBEF290067EE63 /* TransientView.swift */,
				CACD5D8F295F87E400074612 /* DeltasView.swift */,
				CA9552D5295FA42100DDF17E /* DeltasActivityView.swift */,
				CA9552DB295FACF600DDF17E /* DeltasHashtagView.swift */,
				CA9552D7295FA58100DDF17E /* DeltasSocialView.swift */,
				CA9552D9295FA64400DDF17E /* DeltasSymptomView.swift */,
			);
			path = TransientView;
			sourceTree = "<group>";
		};
		CABF5E2128ACABAE004D7A0F /* HealthView */ = {
			isa = PBXGroup;
			children = (
				CA496B1B27EBEF290067EE63 /* SleepView.swift */,
				CA496B2227EBEF290067EE63 /* WeightView.swift */,
				CA496B1627EBEF290067EE63 /* ActiveEnergyView.swift */,
				CA496B1527EBEF290067EE63 /* WalkingRunningDistanceView.swift */,
				CA496B2027EBEF290067EE63 /* MenstrualView.swift */,
			);
			path = HealthView;
			sourceTree = "<group>";
		};
/* End PBXGroup section */

/* Begin PBXNativeTarget section */
		CA0FA5E427EBEA1700B5EEE1 /* MoodSnap */ = {
			isa = PBXNativeTarget;
			buildConfigurationList = CA0FA5F327EBEA1A00B5EEE1 /* Build configuration list for PBXNativeTarget "MoodSnap" */;
			buildPhases = (
				CA0FA5E127EBEA1700B5EEE1 /* Sources */,
				CA0FA5E227EBEA1700B5EEE1 /* Frameworks */,
				CA0FA5E327EBEA1700B5EEE1 /* Resources */,
				CA78D047292D89B700FBD566 /* Embed Foundation Extensions */,
			);
			buildRules = (
			);
			dependencies = (
				CA78D045292D89B700FBD566 /* PBXTargetDependency */,
			);
			name = MoodSnap;
			packageProductDependencies = (
				CA496BC127EBF1F30067EE63 /* TPPDF */,
				CA3CD64327EC0074008F0AAE /* Disk */,
			);
			productName = "XC MoodSnap";
			productReference = CA0FA5E527EBEA1700B5EEE1 /* MoodSnap.app */;
			productType = "com.apple.product-type.application";
		};
		CA78D031292D89B600FBD566 /* WidgetExtension */ = {
			isa = PBXNativeTarget;
			buildConfigurationList = CA78D04A292D89B700FBD566 /* Build configuration list for PBXNativeTarget "WidgetExtension" */;
			buildPhases = (
				CA78D02E292D89B600FBD566 /* Sources */,
				CA78D02F292D89B600FBD566 /* Frameworks */,
				CA78D030292D89B600FBD566 /* Resources */,
			);
			buildRules = (
			);
			dependencies = (
			);
			name = WidgetExtension;
			packageProductDependencies = (
				CA78D06E292D8C4200FBD566 /* Disk */,
				CA78D070292D8C4700FBD566 /* TPPDF */,
			);
			productName = WidgetExtension;
			productReference = CA78D032292D89B600FBD566 /* WidgetExtension.appex */;
			productType = "com.apple.product-type.app-extension";
		};
/* End PBXNativeTarget section */

/* Begin PBXProject section */
		CA0FA5DD27EBEA1700B5EEE1 /* Project object */ = {
			isa = PBXProject;
			attributes = {
				BuildIndependentTargetsInParallel = 1;
				KnownAssetTags = (
					New,
				);
				LastSwiftUpdateCheck = 1410;
				LastUpgradeCheck = 1330;
				TargetAttributes = {
					CA0FA5E427EBEA1700B5EEE1 = {
						CreatedOnToolsVersion = 13.3;
						LastSwiftMigration = 1330;
					};
					CA78D031292D89B600FBD566 = {
						CreatedOnToolsVersion = 14.1;
					};
				};
			};
			buildConfigurationList = CA0FA5E027EBEA1700B5EEE1 /* Build configuration list for PBXProject "MoodSnap" */;
			compatibilityVersion = "Xcode 13.0";
			developmentRegion = en;
			hasScannedForEncodings = 0;
			knownRegions = (
				en,
				Base,
				de,
				es,
				nl,
				fr,
			);
			mainGroup = CA0FA5DC27EBEA1700B5EEE1;
			packageReferences = (
				CA496BC027EBF1F30067EE63 /* XCRemoteSwiftPackageReference "TPPDF" */,
				CA3CD64227EC0074008F0AAE /* XCRemoteSwiftPackageReference "Disk" */,
			);
			productRefGroup = CA0FA5E627EBEA1700B5EEE1 /* Products */;
			projectDirPath = "";
			projectRoot = "";
			targets = (
				CA0FA5E427EBEA1700B5EEE1 /* MoodSnap */,
				CA78D031292D89B600FBD566 /* WidgetExtension */,
			);
		};
/* End PBXProject section */

/* Begin PBXResourcesBuildPhase section */
		CA0FA5E327EBEA1700B5EEE1 /* Resources */ = {
			isa = PBXResourcesBuildPhase;
			buildActionMask = 2147483647;
			files = (
				CA254E6328B7FD03006DBC8D /* Launch Screen.storyboard in Resources */,
				CA496B1227EBEEFC0067EE63 /* Assets.xcassets in Resources */,
				CA5C61A82802464F003151FD /* Localizable.strings in Resources */,
			);
			runOnlyForDeploymentPostprocessing = 0;
		};
		CA78D030292D89B600FBD566 /* Resources */ = {
			isa = PBXResourcesBuildPhase;
			buildActionMask = 2147483647;
			files = (
				CA78D040292D89B700FBD566 /* Assets.xcassets in Resources */,
			);
			runOnlyForDeploymentPostprocessing = 0;
		};
/* End PBXResourcesBuildPhase section */

/* Begin PBXSourcesBuildPhase section */
		CA0FA5E127EBEA1700B5EEE1 /* Sources */ = {
			isa = PBXSourcesBuildPhase;
			buildActionMask = 2147483647;
			files = (
				CA496B7D27EBEF2A0067EE63 /* WeightView.swift in Sources */,
				CA496B0727EBEEEE0067EE63 /* Utilities.swift in Sources */,
				CAAA2D1A27F284380096AD22 /* GetDates.swift in Sources */,
				CA9552D8295FA58100DDF17E /* DeltasSocialView.swift in Sources */,
				CA58D46927ECFC4300D071B3 /* UnlockView.swift in Sources */,
				CA496B0827EBEEEF0067EE63 /* Counting.swift in Sources */,
				CACD6FEE27F1619500D71730 /* QuoteSnap.swift in Sources */,
				CA496B9B27EBEF2B0067EE63 /* ControlView.swift in Sources */,
				CA496BAB27EBEF2B0067EE63 /* PDFAverageMoodView.swift in Sources */,
				CA496BB527EBEF2B0067EE63 /* GenerateHistory.swift in Sources */,
				CA496B8727EBEF2A0067EE63 /* HistoryMoodView.swift in Sources */,
				CA9552D6295FA42100DDF17E /* DeltasActivityView.swift in Sources */,
				CA496B0C27EBEEEF0067EE63 /* Notifications.swift in Sources */,
				CA496B8827EBEF2A0067EE63 /* HistorySymptomsView.swift in Sources */,
				CA496B9927EBEF2B0067EE63 /* HelpView.swift in Sources */,
				CA496B9627EBEF2A0067EE63 /* IntroPopoverView.swift in Sources */,
				CA69217728154B2900E99864 /* HealthData.swift in Sources */,
				CA496B7327EBEF2A0067EE63 /* InfluencesActivityView.swift in Sources */,
				CA70912F28C843C200214B4D /* Haptic.swift in Sources */,
				CA3382C128C9DA33004282D3 /* MoodCorrelationsView.swift in Sources */,
				CA8D880C29428E6B0048F455 /* RoundedRectangleDot.swift in Sources */,
				CA496B0F27EBEEEF0067EE63 /* GraphDataConverters.swift in Sources */,
				CA9552DC295FACF600DDF17E /* DeltasHashtagView.swift in Sources */,
				CA496B9A27EBEF2B0067EE63 /* ContentView.swift in Sources */,
				CA496B9127EBEF2A0067EE63 /* EventView.swift in Sources */,
				CA496B9427EBEF2A0067EE63 /* NoteView.swift in Sources */,
				CA496B7E27EBEF2A0067EE63 /* InfluencesEventsView.swift in Sources */,
				CA496B8A27EBEF2A0067EE63 /* HistoryMediaView.swift in Sources */,
				CA496B7127EBEF2A0067EE63 /* ActiveEnergyView.swift in Sources */,
				CA496BB927EBEF2B0067EE63 /* Influence.swift in Sources */,
				CA496B0A27EBEEEF0067EE63 /* Enumerations.swift in Sources */,
				CA496B7227EBEF2A0067EE63 /* SlidingAverageView.swift in Sources */,
				CA496B1027EBEEEF0067EE63 /* Merging.swift in Sources */,
				CA496B7727EBEF2A0067EE63 /* InsightsView.swift in Sources */,
				CA496B9527EBEF2A0067EE63 /* MoodSnapView.swift in Sources */,
				CA496B7F27EBEF2A0067EE63 /* SlidingVolatilityView.swift in Sources */,
				CA496B8D27EBEF2A0067EE63 /* HistoryItemView.swift in Sources */,
				CA496B6F27EBEF2A0067EE63 /* InfluencesSymptomView.swift in Sources */,
				CA496B9C27EBEF2B0067EE63 /* TestData.swift in Sources */,
				CA496B8927EBEF2A0067EE63 /* HistoryEventView.swift in Sources */,
				CA496BAA27EBEF2B0067EE63 /* PDFSingleSlidingAverageView.swift in Sources */,
				CA496B7C27EBEF2A0067EE63 /* InfluencesHashtagView.swift in Sources */,
				CA496BB027EBEF2B0067EE63 /* GeneratePDF.swift in Sources */,
				CA496ADE27EBEEBE0067EE63 /* HistoryCustomView.swift in Sources */,
				CA496B9827EBEF2B0067EE63 /* DatePickerView.swift in Sources */,
				CA496BB727EBEF2B0067EE63 /* Average.swift in Sources */,
				CA69217928154B8500E99864 /* Nils.swift in Sources */,
				CA496B0E27EBEEEF0067EE63 /* DateConverters.swift in Sources */,
				CA4E451F28C4F85500245FCD /* DotChart.swift in Sources */,
				CA496B8F27EBEF2A0067EE63 /* HistoryQuoteView.swift in Sources */,
				CA496BB427EBEF2B0067EE63 /* Volatility.swift in Sources */,
				CA496BBB27EBEF2B0067EE63 /* AverageMoodSnap.swift in Sources */,
				CA496B0627EBEEEE0067EE63 /* DataStructures.swift in Sources */,
				CA496BA427EBEF2B0067EE63 /* JSON.swift in Sources */,
				CA496BA227EBEF2B0067EE63 /* FileSystem.swift in Sources */,
				CA496BA327EBEF2B0067EE63 /* ImagePicker.swift in Sources */,
				CA496B7827EBEF2A0067EE63 /* TransientReferencePickerView.swift in Sources */,
				CA496B9F27EBEF2B0067EE63 /* Color.swift in Sources */,
				CA496BB127EBEF2B0067EE63 /* Hashtags.swift in Sources */,
				CA496B9E27EBEF2B0067EE63 /* UX.swift in Sources */,
				CA496AB327EBED7B0067EE63 /* MoodSnapApp.swift in Sources */,
				CA496B8627EBEF2A0067EE63 /* HistoryActivityView.swift in Sources */,
				CA496B7627EBEF2A0067EE63 /* SleepView.swift in Sources */,
				CA496BAC27EBEF2B0067EE63 /* PDFMoodHistoryBarView.swift in Sources */,
				CAB7F2DA280DFFFF00E8A823 /* Correlation.swift in Sources */,
				CA496BB327EBEF2B0067EE63 /* Transients.swift in Sources */,
				CA496B9327EBEF2A0067EE63 /* MediaView.swift in Sources */,
				CA496B7027EBEF2A0067EE63 /* WalkingRunningDistanceView.swift in Sources */,
				CA7775AB280CD44C0045A202 /* HealthManager.swift in Sources */,
				CA9552DA295FA64400DDF17E /* DeltasSymptomView.swift in Sources */,
				CA496BAE27EBEF2B0067EE63 /* PDFSingleMoodHistoryBarView.swift in Sources */,
				CA496B7B27EBEF2A0067EE63 /* MenstrualView.swift in Sources */,
				CA496B7A27EBEF2A0067EE63 /* TransientView.swift in Sources */,
				CA496BA927EBEF2B0067EE63 /* PDFViewUI.swift in Sources */,
				CA496B8C27EBEF2A0067EE63 /* HistoryNoteView.swift in Sources */,
				CA496B0927EBEEEF0067EE63 /* Sorting.swift in Sources */,
				CA496B8B27EBEF2A0067EE63 /* HistorySocialView.swift in Sources */,
				CA496B9227EBEF2A0067EE63 /* SettingsView.swift in Sources */,
				CA496B9027EBEF2A0067EE63 /* MoodLevelsView.swift in Sources */,
				CA496B8E27EBEF2A0067EE63 /* HistoryView.swift in Sources */,
				CA496B8027EBEF2A0067EE63 /* MoodHistoryBarView.swift in Sources */,
				CA58162028B4E04D000E4C8A /* AppStoreReview.swift in Sources */,
				CA496BA627EBEF2B0067EE63 /* DataStore.swift in Sources */,
				CAB7DB9E28184C04004866B3 /* TransientWithPickerView.swift in Sources */,
				CA78D043292D89B700FBD566 /* Widget.intentdefinition in Sources */,
				CA3CD3BE298F8B38002964BF /* Trends.swift in Sources */,
				CA87642E2814D7EC000FEEEC /* VerticalBarChart.swift in Sources */,
				CA496BAF27EBEF2B0067EE63 /* ReportView.swift in Sources */,
				CA496B0B27EBEEEF0067EE63 /* Filtering.swift in Sources */,
				CACD5D90295F87E400074612 /* DeltasView.swift in Sources */,
				CAE0D37028BC6D7600AA0CA3 /* TrendsView.swift in Sources */,
				CA496B7527EBEF2A0067EE63 /* AverageMoodView.swift in Sources */,
				CA496BA827EBEF2B0067EE63 /* PDFSingleSlidingVolatilityView.swift in Sources */,
				CA496B7427EBEF2A0067EE63 /* InfluencesSocialView.swift in Sources */,
				CA496B0527EBEEEE0067EE63 /* Constants.swift in Sources */,
				CA87642C2814D7A1000FEEEC /* LineChart.swift in Sources */,
				CA496BAD27EBEF2B0067EE63 /* ViewAsImage.swift in Sources */,
				CA496B7927EBEF2A0067EE63 /* TallyView.swift in Sources */,
			);
			runOnlyForDeploymentPostprocessing = 0;
		};
		CA78D02E292D89B600FBD566 /* Sources */ = {
			isa = PBXSourcesBuildPhase;
			buildActionMask = 2147483647;
			files = (
				CA0A3E7B298DA95600CB1C27 /* MoodCorrelationsView.swift in Sources */,
				CA78D06C292D8BFB00FBD566 /* HealthManager.swift in Sources */,
				CA78D06D292D8BFB00FBD566 /* HealthData.swift in Sources */,
				CA78D04B292D8A5800FBD566 /* Localizable.strings in Sources */,
				CA78D04C292D8A5800FBD566 /* JSON.swift in Sources */,
				CA78D04D292D8A5800FBD566 /* DataStore.swift in Sources */,
				CA78D04E292D8A5800FBD566 /* Hashtags.swift in Sources */,
				CA78D04F292D8A5800FBD566 /* SlidingAverageView.swift in Sources */,
				CA8D880D29428E6B0048F455 /* RoundedRectangleDot.swift in Sources */,
				CA78D050292D8A5800FBD566 /* MoodHistoryBarView.swift in Sources */,
				CA78D051292D8A5800FBD566 /* MoodLevelsView.swift in Sources */,
				CA78D052292D8A5800FBD566 /* LineChart.swift in Sources */,
				CA78D053292D8A5800FBD566 /* VerticalBarChart.swift in Sources */,
				CA78D054292D8A5800FBD566 /* GetDates.swift in Sources */,
				CA78D055292D8A5800FBD566 /* Transients.swift in Sources */,
				CA78D056292D8A5800FBD566 /* Volatility.swift in Sources */,
				CA78D057292D8A5800FBD566 /* GenerateHistory.swift in Sources */,
				CA78D058292D8A5800FBD566 /* Average.swift in Sources */,
				CA78D059292D8A5800FBD566 /* Correlation.swift in Sources */,
				CA78D05A292D8A5800FBD566 /* Nils.swift in Sources */,
				CA78D05B292D8A5800FBD566 /* Influence.swift in Sources */,
				CA78D05C292D8A5800FBD566 /* AverageMoodSnap.swift in Sources */,
				CA78D05D292D8A5800FBD566 /* UX.swift in Sources */,
				CA78D05E292D8A5800FBD566 /* Color.swift in Sources */,
				CA78D05F292D8A5800FBD566 /* Constants.swift in Sources */,
				CA78D060292D8A5800FBD566 /* DataStructures.swift in Sources */,
				CA3CD3C0298F8BCF002964BF /* TrendsView.swift in Sources */,
				CA78D061292D8A5800FBD566 /* Utilities.swift in Sources */,
				CA78D062292D8A5800FBD566 /* Haptic.swift in Sources */,
				CA78D063292D8A5800FBD566 /* Counting.swift in Sources */,
				CA3CD3BF298F8B38002964BF /* Trends.swift in Sources */,
				CA78D064292D8A5800FBD566 /* Sorting.swift in Sources */,
				CA78D065292D8A5800FBD566 /* Enumerations.swift in Sources */,
				CA78D066292D8A5800FBD566 /* Filtering.swift in Sources */,
				CA78D067292D8A5800FBD566 /* Notifications.swift in Sources */,
				CA78D068292D8A5800FBD566 /* DateConverters.swift in Sources */,
				CA78D069292D8A5800FBD566 /* GraphDataConverters.swift in Sources */,
				CA78D06A292D8A5800FBD566 /* Merging.swift in Sources */,
				CA78D042292D89B700FBD566 /* Widget.intentdefinition in Sources */,
				CA78D039292D89B600FBD566 /* WidgetBundle.swift in Sources */,
				CA78D03D292D89B600FBD566 /* Widget.swift in Sources */,
			);
			runOnlyForDeploymentPostprocessing = 0;
		};
/* End PBXSourcesBuildPhase section */

/* Begin PBXTargetDependency section */
		CA78D045292D89B700FBD566 /* PBXTargetDependency */ = {
			isa = PBXTargetDependency;
			target = CA78D031292D89B600FBD566 /* WidgetExtension */;
			targetProxy = CA78D044292D89B700FBD566 /* PBXContainerItemProxy */;
		};
/* End PBXTargetDependency section */

/* Begin PBXVariantGroup section */
		CA5C61AA2802464F003151FD /* Localizable.strings */ = {
			isa = PBXVariantGroup;
			children = (
				CA5C61A92802464F003151FD /* en */,
				CAA2E88628CB5A3F007AC145 /* de */,
				CA5F1C632905EC080063B526 /* es */,
				CAA9963D2936A1F800420A0A /* nl */,
				CA5D3A5D29468A1200D5688B /* fr */,
			);
			name = Localizable.strings;
			sourceTree = "<group>";
		};
/* End PBXVariantGroup section */

/* Begin XCBuildConfiguration section */
		CA0FA5F127EBEA1A00B5EEE1 /* Debug */ = {
			isa = XCBuildConfiguration;
			buildSettings = {
				ALWAYS_SEARCH_USER_PATHS = NO;
				CLANG_ANALYZER_LOCALIZABILITY_NONLOCALIZED = YES;
				CLANG_ANALYZER_NONNULL = YES;
				CLANG_ANALYZER_NUMBER_OBJECT_CONVERSION = YES_AGGRESSIVE;
				CLANG_CXX_LANGUAGE_STANDARD = "gnu++17";
				CLANG_ENABLE_MODULES = YES;
				CLANG_ENABLE_OBJC_ARC = YES;
				CLANG_ENABLE_OBJC_WEAK = YES;
				CLANG_WARN_BLOCK_CAPTURE_AUTORELEASING = YES;
				CLANG_WARN_BOOL_CONVERSION = YES;
				CLANG_WARN_COMMA = YES;
				CLANG_WARN_CONSTANT_CONVERSION = YES;
				CLANG_WARN_DEPRECATED_OBJC_IMPLEMENTATIONS = YES;
				CLANG_WARN_DIRECT_OBJC_ISA_USAGE = YES_ERROR;
				CLANG_WARN_DOCUMENTATION_COMMENTS = YES;
				CLANG_WARN_EMPTY_BODY = YES;
				CLANG_WARN_ENUM_CONVERSION = YES;
				CLANG_WARN_INFINITE_RECURSION = YES;
				CLANG_WARN_INT_CONVERSION = YES;
				CLANG_WARN_NON_LITERAL_NULL_CONVERSION = YES;
				CLANG_WARN_OBJC_IMPLICIT_RETAIN_SELF = YES;
				CLANG_WARN_OBJC_LITERAL_CONVERSION = YES;
				CLANG_WARN_OBJC_ROOT_CLASS = YES_ERROR;
				CLANG_WARN_QUOTED_INCLUDE_IN_FRAMEWORK_HEADER = YES;
				CLANG_WARN_RANGE_LOOP_ANALYSIS = YES;
				CLANG_WARN_STRICT_PROTOTYPES = YES;
				CLANG_WARN_SUSPICIOUS_MOVE = YES;
				CLANG_WARN_UNGUARDED_AVAILABILITY = YES_AGGRESSIVE;
				CLANG_WARN_UNREACHABLE_CODE = YES;
				CLANG_WARN__DUPLICATE_METHOD_MATCH = YES;
				COPY_PHASE_STRIP = NO;
				DEBUG_INFORMATION_FORMAT = dwarf;
				ENABLE_STRICT_OBJC_MSGSEND = YES;
				ENABLE_TESTABILITY = YES;
				GCC_C_LANGUAGE_STANDARD = gnu11;
				GCC_DYNAMIC_NO_PIC = NO;
				GCC_NO_COMMON_BLOCKS = YES;
				GCC_OPTIMIZATION_LEVEL = 0;
				GCC_PREPROCESSOR_DEFINITIONS = (
					"DEBUG=1",
					"$(inherited)",
				);
				GCC_WARN_64_TO_32_BIT_CONVERSION = YES;
				GCC_WARN_ABOUT_RETURN_TYPE = YES_ERROR;
				GCC_WARN_UNDECLARED_SELECTOR = YES;
				GCC_WARN_UNINITIALIZED_AUTOS = YES_AGGRESSIVE;
				GCC_WARN_UNUSED_FUNCTION = YES;
				GCC_WARN_UNUSED_VARIABLE = YES;
				INFOPLIST_KEY_UIApplicationSceneManifest_Generation = NO;
				IPHONEOS_DEPLOYMENT_TARGET = 15.4;
				MTL_ENABLE_DEBUG_INFO = INCLUDE_SOURCE;
				MTL_FAST_MATH = YES;
				ONLY_ACTIVE_ARCH = YES;
				SDKROOT = iphoneos;
				SWIFT_ACTIVE_COMPILATION_CONDITIONS = DEBUG;
				SWIFT_OPTIMIZATION_LEVEL = "-O";
			};
			name = Debug;
		};
		CA0FA5F227EBEA1A00B5EEE1 /* Release */ = {
			isa = XCBuildConfiguration;
			buildSettings = {
				ALWAYS_SEARCH_USER_PATHS = NO;
				CLANG_ANALYZER_LOCALIZABILITY_NONLOCALIZED = YES;
				CLANG_ANALYZER_NONNULL = YES;
				CLANG_ANALYZER_NUMBER_OBJECT_CONVERSION = YES_AGGRESSIVE;
				CLANG_CXX_LANGUAGE_STANDARD = "gnu++17";
				CLANG_ENABLE_MODULES = YES;
				CLANG_ENABLE_OBJC_ARC = YES;
				CLANG_ENABLE_OBJC_WEAK = YES;
				CLANG_WARN_BLOCK_CAPTURE_AUTORELEASING = YES;
				CLANG_WARN_BOOL_CONVERSION = YES;
				CLANG_WARN_COMMA = YES;
				CLANG_WARN_CONSTANT_CONVERSION = YES;
				CLANG_WARN_DEPRECATED_OBJC_IMPLEMENTATIONS = YES;
				CLANG_WARN_DIRECT_OBJC_ISA_USAGE = YES_ERROR;
				CLANG_WARN_DOCUMENTATION_COMMENTS = YES;
				CLANG_WARN_EMPTY_BODY = YES;
				CLANG_WARN_ENUM_CONVERSION = YES;
				CLANG_WARN_INFINITE_RECURSION = YES;
				CLANG_WARN_INT_CONVERSION = YES;
				CLANG_WARN_NON_LITERAL_NULL_CONVERSION = YES;
				CLANG_WARN_OBJC_IMPLICIT_RETAIN_SELF = YES;
				CLANG_WARN_OBJC_LITERAL_CONVERSION = YES;
				CLANG_WARN_OBJC_ROOT_CLASS = YES_ERROR;
				CLANG_WARN_QUOTED_INCLUDE_IN_FRAMEWORK_HEADER = YES;
				CLANG_WARN_RANGE_LOOP_ANALYSIS = YES;
				CLANG_WARN_STRICT_PROTOTYPES = YES;
				CLANG_WARN_SUSPICIOUS_MOVE = YES;
				CLANG_WARN_UNGUARDED_AVAILABILITY = YES_AGGRESSIVE;
				CLANG_WARN_UNREACHABLE_CODE = YES;
				CLANG_WARN__DUPLICATE_METHOD_MATCH = YES;
				COPY_PHASE_STRIP = NO;
				DEBUG_INFORMATION_FORMAT = "dwarf-with-dsym";
				ENABLE_NS_ASSERTIONS = NO;
				ENABLE_STRICT_OBJC_MSGSEND = YES;
				GCC_C_LANGUAGE_STANDARD = gnu11;
				GCC_NO_COMMON_BLOCKS = YES;
				GCC_WARN_64_TO_32_BIT_CONVERSION = YES;
				GCC_WARN_ABOUT_RETURN_TYPE = YES_ERROR;
				GCC_WARN_UNDECLARED_SELECTOR = YES;
				GCC_WARN_UNINITIALIZED_AUTOS = YES_AGGRESSIVE;
				GCC_WARN_UNUSED_FUNCTION = YES;
				GCC_WARN_UNUSED_VARIABLE = YES;
				INFOPLIST_KEY_UIApplicationSceneManifest_Generation = NO;
				IPHONEOS_DEPLOYMENT_TARGET = 15.4;
				MTL_ENABLE_DEBUG_INFO = NO;
				MTL_FAST_MATH = YES;
				SDKROOT = iphoneos;
				SWIFT_COMPILATION_MODE = wholemodule;
				SWIFT_OPTIMIZATION_LEVEL = "-O";
				VALIDATE_PRODUCT = YES;
			};
			name = Release;
		};
		CA0FA5F427EBEA1A00B5EEE1 /* Debug */ = {
			isa = XCBuildConfiguration;
			buildSettings = {
				ALWAYS_EMBED_SWIFT_STANDARD_LIBRARIES = YES;
				ASSETCATALOG_COMPILER_APPICON_NAME = AppIcon;
				ASSETCATALOG_COMPILER_GLOBAL_ACCENT_COLOR_NAME = AccentColor;
				CLANG_ENABLE_MODULES = YES;
				CLANG_USE_OPTIMIZATION_PROFILE = YES;
				CODE_SIGN_ENTITLEMENTS = MoodSnap.entitlements;
				CODE_SIGN_STYLE = Automatic;
				CURRENT_PROJECT_VERSION = 1;
				DEVELOPMENT_ASSET_PATHS = "";
				DEVELOPMENT_TEAM = ULMGDWJT46;
				ENABLE_PREVIEWS = YES;
				GENERATE_INFOPLIST_FILE = YES;
				INFOPLIST_FILE = "MoodSnap-Info.plist";
				INFOPLIST_KEY_LSApplicationCategoryType = "";
				INFOPLIST_KEY_NSCameraUsageDescription = "For taking photo diaries";
				INFOPLIST_KEY_NSDocumentsFolderUsageDescription = "For saving data";
				INFOPLIST_KEY_NSFaceIDUsageDescription = "For secure login";
				INFOPLIST_KEY_NSFileProviderPresenceUsageDescription = "FS access";
				INFOPLIST_KEY_NSHealthClinicalHealthRecordsShareUsageDescription = "Health data for insights";
				INFOPLIST_KEY_NSHealthShareUsageDescription = "Health data for insights";
				INFOPLIST_KEY_NSHealthUpdateUsageDescription = "Health data for insights";
				INFOPLIST_KEY_NSPhotoLibraryAddUsageDescription = "For adding photos to camera roll";
				INFOPLIST_KEY_NSPhotoLibraryUsageDescription = "For adding photos to photo diary";
				INFOPLIST_KEY_UIApplicationSupportsIndirectInputEvents = YES;
				INFOPLIST_KEY_UILaunchScreen_Generation = YES;
				INFOPLIST_KEY_UILaunchStoryboardName = "Launch Screen";
				INFOPLIST_KEY_UISupportedInterfaceOrientations = UIInterfaceOrientationPortrait;
				INFOPLIST_KEY_UISupportedInterfaceOrientations_iPad = "UIInterfaceOrientationPortrait UIInterfaceOrientationPortraitUpsideDown UIInterfaceOrientationLandscapeLeft UIInterfaceOrientationLandscapeRight";
				INFOPLIST_KEY_UISupportedInterfaceOrientations_iPhone = "UIInterfaceOrientationPortrait UIInterfaceOrientationLandscapeLeft UIInterfaceOrientationLandscapeRight";
				IPHONEOS_DEPLOYMENT_TARGET = 15.4;
				LD_RUNPATH_SEARCH_PATHS = (
					"$(inherited)",
					"@executable_path/Frameworks",
				);
				MARKETING_VERSION = 3.1;
				PRODUCT_BUNDLE_IDENTIFIER = "Peter-Rohde.MoodSnap";
				PRODUCT_NAME = "$(TARGET_NAME)";
				SUPPORTED_PLATFORMS = "iphoneos iphonesimulator";
				SUPPORTS_MACCATALYST = NO;
				SUPPORTS_MAC_DESIGNED_FOR_IPHONE_IPAD = NO;
				SWIFT_EMIT_LOC_STRINGS = YES;
				SWIFT_OPTIMIZATION_LEVEL = "-Onone";
				SWIFT_VERSION = 5.0;
				TARGETED_DEVICE_FAMILY = 1;
			};
			name = Debug;
		};
		CA0FA5F527EBEA1A00B5EEE1 /* Release */ = {
			isa = XCBuildConfiguration;
			buildSettings = {
				ALWAYS_EMBED_SWIFT_STANDARD_LIBRARIES = YES;
				ASSETCATALOG_COMPILER_APPICON_NAME = AppIcon;
				ASSETCATALOG_COMPILER_GLOBAL_ACCENT_COLOR_NAME = AccentColor;
				CLANG_ENABLE_MODULES = YES;
				CLANG_USE_OPTIMIZATION_PROFILE = YES;
				CODE_SIGN_ENTITLEMENTS = MoodSnap.entitlements;
				CODE_SIGN_STYLE = Automatic;
				CURRENT_PROJECT_VERSION = 1;
				DEVELOPMENT_ASSET_PATHS = "";
				DEVELOPMENT_TEAM = ULMGDWJT46;
				ENABLE_PREVIEWS = YES;
				GENERATE_INFOPLIST_FILE = YES;
				INFOPLIST_FILE = "MoodSnap-Info.plist";
				INFOPLIST_KEY_LSApplicationCategoryType = "";
				INFOPLIST_KEY_NSCameraUsageDescription = "For taking photo diaries";
				INFOPLIST_KEY_NSDocumentsFolderUsageDescription = "For saving data";
				INFOPLIST_KEY_NSFaceIDUsageDescription = "For secure login";
				INFOPLIST_KEY_NSFileProviderPresenceUsageDescription = "FS access";
				INFOPLIST_KEY_NSHealthClinicalHealthRecordsShareUsageDescription = "Health data for insights";
				INFOPLIST_KEY_NSHealthShareUsageDescription = "Health data for insights";
				INFOPLIST_KEY_NSHealthUpdateUsageDescription = "Health data for insights";
				INFOPLIST_KEY_NSPhotoLibraryAddUsageDescription = "For adding photos to camera roll";
				INFOPLIST_KEY_NSPhotoLibraryUsageDescription = "For adding photos to photo diary";
				INFOPLIST_KEY_UIApplicationSupportsIndirectInputEvents = YES;
				INFOPLIST_KEY_UILaunchScreen_Generation = YES;
				INFOPLIST_KEY_UILaunchStoryboardName = "Launch Screen";
				INFOPLIST_KEY_UISupportedInterfaceOrientations = UIInterfaceOrientationPortrait;
				INFOPLIST_KEY_UISupportedInterfaceOrientations_iPad = "UIInterfaceOrientationPortrait UIInterfaceOrientationPortraitUpsideDown UIInterfaceOrientationLandscapeLeft UIInterfaceOrientationLandscapeRight";
				INFOPLIST_KEY_UISupportedInterfaceOrientations_iPhone = "UIInterfaceOrientationPortrait UIInterfaceOrientationLandscapeLeft UIInterfaceOrientationLandscapeRight";
				IPHONEOS_DEPLOYMENT_TARGET = 15.4;
				LD_RUNPATH_SEARCH_PATHS = (
					"$(inherited)",
					"@executable_path/Frameworks",
				);
				MARKETING_VERSION = 3.1;
				PRODUCT_BUNDLE_IDENTIFIER = "Peter-Rohde.MoodSnap";
				PRODUCT_NAME = "$(TARGET_NAME)";
				SUPPORTED_PLATFORMS = "iphoneos iphonesimulator";
				SUPPORTS_MACCATALYST = NO;
				SUPPORTS_MAC_DESIGNED_FOR_IPHONE_IPAD = NO;
				SWIFT_EMIT_LOC_STRINGS = YES;
				SWIFT_VERSION = 5.0;
				TARGETED_DEVICE_FAMILY = 1;
			};
			name = Release;
		};
		CA78D048292D89B700FBD566 /* Debug */ = {
			isa = XCBuildConfiguration;
			buildSettings = {
				ASSETCATALOG_COMPILER_GLOBAL_ACCENT_COLOR_NAME = AccentColor;
				ASSETCATALOG_COMPILER_WIDGET_BACKGROUND_COLOR_NAME = WidgetBackground;
				CLANG_CXX_LANGUAGE_STANDARD = "gnu++20";
				CLANG_USE_OPTIMIZATION_PROFILE = YES;
				CODE_SIGN_ENTITLEMENTS = WidgetExtension.entitlements;
				CODE_SIGN_STYLE = Automatic;
				CURRENT_PROJECT_VERSION = 1;
				DEVELOPMENT_TEAM = ULMGDWJT46;
				GENERATE_INFOPLIST_FILE = YES;
				INFOPLIST_FILE = Widget/Info.plist;
				INFOPLIST_KEY_CFBundleDisplayName = Widget;
				INFOPLIST_KEY_NSHumanReadableCopyright = "";
				IPHONEOS_DEPLOYMENT_TARGET = 15.4;
				LD_RUNPATH_SEARCH_PATHS = (
					"$(inherited)",
					"@executable_path/Frameworks",
					"@executable_path/../../Frameworks",
				);
				MARKETING_VERSION = 3.1;
				PRODUCT_BUNDLE_IDENTIFIER = "Peter-Rohde.MoodSnap.Widget";
				PRODUCT_NAME = "$(TARGET_NAME)";
				SKIP_INSTALL = YES;
				SWIFT_EMIT_LOC_STRINGS = YES;
				SWIFT_OPTIMIZATION_LEVEL = "-Onone";
				SWIFT_VERSION = 5.0;
				TARGETED_DEVICE_FAMILY = 1;
			};
			name = Debug;
		};
		CA78D049292D89B700FBD566 /* Release */ = {
			isa = XCBuildConfiguration;
			buildSettings = {
				ASSETCATALOG_COMPILER_GLOBAL_ACCENT_COLOR_NAME = AccentColor;
				ASSETCATALOG_COMPILER_WIDGET_BACKGROUND_COLOR_NAME = WidgetBackground;
				CLANG_CXX_LANGUAGE_STANDARD = "gnu++20";
				CLANG_USE_OPTIMIZATION_PROFILE = YES;
				CODE_SIGN_ENTITLEMENTS = WidgetExtension.entitlements;
				CODE_SIGN_STYLE = Automatic;
				CURRENT_PROJECT_VERSION = 1;
				DEVELOPMENT_TEAM = ULMGDWJT46;
				GENERATE_INFOPLIST_FILE = YES;
				INFOPLIST_FILE = Widget/Info.plist;
				INFOPLIST_KEY_CFBundleDisplayName = Widget;
				INFOPLIST_KEY_NSHumanReadableCopyright = "";
				IPHONEOS_DEPLOYMENT_TARGET = 15.4;
				LD_RUNPATH_SEARCH_PATHS = (
					"$(inherited)",
					"@executable_path/Frameworks",
					"@executable_path/../../Frameworks",
				);
				MARKETING_VERSION = 3.1;
				PRODUCT_BUNDLE_IDENTIFIER = "Peter-Rohde.MoodSnap.Widget";
				PRODUCT_NAME = "$(TARGET_NAME)";
				SKIP_INSTALL = YES;
				SWIFT_EMIT_LOC_STRINGS = YES;
				SWIFT_VERSION = 5.0;
				TARGETED_DEVICE_FAMILY = 1;
			};
			name = Release;
		};
/* End XCBuildConfiguration section */

/* Begin XCConfigurationList section */
		CA0FA5E027EBEA1700B5EEE1 /* Build configuration list for PBXProject "MoodSnap" */ = {
			isa = XCConfigurationList;
			buildConfigurations = (
				CA0FA5F127EBEA1A00B5EEE1 /* Debug */,
				CA0FA5F227EBEA1A00B5EEE1 /* Release */,
			);
			defaultConfigurationIsVisible = 0;
			defaultConfigurationName = Release;
		};
		CA0FA5F327EBEA1A00B5EEE1 /* Build configuration list for PBXNativeTarget "MoodSnap" */ = {
			isa = XCConfigurationList;
			buildConfigurations = (
				CA0FA5F427EBEA1A00B5EEE1 /* Debug */,
				CA0FA5F527EBEA1A00B5EEE1 /* Release */,
			);
			defaultConfigurationIsVisible = 0;
			defaultConfigurationName = Release;
		};
		CA78D04A292D89B700FBD566 /* Build configuration list for PBXNativeTarget "WidgetExtension" */ = {
			isa = XCConfigurationList;
			buildConfigurations = (
				CA78D048292D89B700FBD566 /* Debug */,
				CA78D049292D89B700FBD566 /* Release */,
			);
			defaultConfigurationIsVisible = 0;
			defaultConfigurationName = Release;
		};
/* End XCConfigurationList section */

/* Begin XCRemoteSwiftPackageReference section */
		CA3CD64227EC0074008F0AAE /* XCRemoteSwiftPackageReference "Disk" */ = {
			isa = XCRemoteSwiftPackageReference;
			repositoryURL = "https://github.com/saoudrizwan/Disk";
			requirement = {
				kind = upToNextMajorVersion;
				minimumVersion = 0.6.4;
			};
		};
		CA496BC027EBF1F30067EE63 /* XCRemoteSwiftPackageReference "TPPDF" */ = {
			isa = XCRemoteSwiftPackageReference;
			repositoryURL = "https://github.com/techprimate/TPPDF";
			requirement = {
				kind = upToNextMajorVersion;
				minimumVersion = 2.0.0;
			};
		};
/* End XCRemoteSwiftPackageReference section */

/* Begin XCSwiftPackageProductDependency section */
		CA3CD64327EC0074008F0AAE /* Disk */ = {
			isa = XCSwiftPackageProductDependency;
			package = CA3CD64227EC0074008F0AAE /* XCRemoteSwiftPackageReference "Disk" */;
			productName = Disk;
		};
		CA496BC127EBF1F30067EE63 /* TPPDF */ = {
			isa = XCSwiftPackageProductDependency;
			package = CA496BC027EBF1F30067EE63 /* XCRemoteSwiftPackageReference "TPPDF" */;
			productName = TPPDF;
		};
		CA78D06E292D8C4200FBD566 /* Disk */ = {
			isa = XCSwiftPackageProductDependency;
			package = CA3CD64227EC0074008F0AAE /* XCRemoteSwiftPackageReference "Disk" */;
			productName = Disk;
		};
		CA78D070292D8C4700FBD566 /* TPPDF */ = {
			isa = XCSwiftPackageProductDependency;
			package = CA496BC027EBF1F30067EE63 /* XCRemoteSwiftPackageReference "TPPDF" */;
			productName = TPPDF;
		};
/* End XCSwiftPackageProductDependency section */
	};
	rootObject = CA0FA5DD27EBEA1700B5EEE1 /* Project object */;
}
