// !$*UTF8*$!
{
	archiveVersion = 1;
	classes = {
	};
	objectVersion = 55;
	objects = {

/* Begin PBXBuildFile section */
		CA0C523D281614A000B1595C /* SuperimposedBarLineChart.swift in Sources */ = {isa = PBXBuildFile; fileRef = CA0C523C281614A000B1595C /* SuperimposedBarLineChart.swift */; };
		CA3CD64427EC0074008F0AAE /* Disk in Frameworks */ = {isa = PBXBuildFile; productRef = CA3CD64327EC0074008F0AAE /* Disk */; };
		CA4547FF2817CE78006037DA /* Menstrual.swift in Sources */ = {isa = PBXBuildFile; fileRef = CA4547FE2817CE78006037DA /* Menstrual.swift */; };
		CA496AB327EBED7B0067EE63 /* MoodSnapApp.swift in Sources */ = {isa = PBXBuildFile; fileRef = CA496AB227EBED7B0067EE63 /* MoodSnapApp.swift */; };
		CA496ADE27EBEEBE0067EE63 /* HistoryCustomView.swift in Sources */ = {isa = PBXBuildFile; fileRef = CA496ADC27EBEEBE0067EE63 /* HistoryCustomView.swift */; };
		CA496B0527EBEEEE0067EE63 /* Constants.swift in Sources */ = {isa = PBXBuildFile; fileRef = CA496AF927EBEEEE0067EE63 /* Constants.swift */; };
		CA496B0627EBEEEE0067EE63 /* DataStructures.swift in Sources */ = {isa = PBXBuildFile; fileRef = CA496AFA27EBEEEE0067EE63 /* DataStructures.swift */; };
		CA496B0727EBEEEE0067EE63 /* Utilities.swift in Sources */ = {isa = PBXBuildFile; fileRef = CA496AFB27EBEEEE0067EE63 /* Utilities.swift */; };
		CA496B0827EBEEEF0067EE63 /* Counting.swift in Sources */ = {isa = PBXBuildFile; fileRef = CA496AFC27EBEEEE0067EE63 /* Counting.swift */; };
		CA496B0927EBEEEF0067EE63 /* Sorting.swift in Sources */ = {isa = PBXBuildFile; fileRef = CA496AFD27EBEEEE0067EE63 /* Sorting.swift */; };
		CA496B0A27EBEEEF0067EE63 /* Enumerations.swift in Sources */ = {isa = PBXBuildFile; fileRef = CA496AFE27EBEEEE0067EE63 /* Enumerations.swift */; };
		CA496B0B27EBEEEF0067EE63 /* Filtering.swift in Sources */ = {isa = PBXBuildFile; fileRef = CA496AFF27EBEEEE0067EE63 /* Filtering.swift */; };
		CA496B0C27EBEEEF0067EE63 /* Notifications.swift in Sources */ = {isa = PBXBuildFile; fileRef = CA496B0027EBEEEE0067EE63 /* Notifications.swift */; };
		CA496B0E27EBEEEF0067EE63 /* DateConverters.swift in Sources */ = {isa = PBXBuildFile; fileRef = CA496B0227EBEEEE0067EE63 /* DateConverters.swift */; };
		CA496B0F27EBEEEF0067EE63 /* GraphDataConverters.swift in Sources */ = {isa = PBXBuildFile; fileRef = CA496B0327EBEEEE0067EE63 /* GraphDataConverters.swift */; };
		CA496B1027EBEEEF0067EE63 /* Merging.swift in Sources */ = {isa = PBXBuildFile; fileRef = CA496B0427EBEEEE0067EE63 /* Merging.swift */; };
		CA496B1227EBEEFC0067EE63 /* Assets.xcassets in Resources */ = {isa = PBXBuildFile; fileRef = CA496B1127EBEEFC0067EE63 /* Assets.xcassets */; };
		CA496B6F27EBEF2A0067EE63 /* InfluencesSymptomView.swift in Sources */ = {isa = PBXBuildFile; fileRef = CA496B1427EBEF290067EE63 /* InfluencesSymptomView.swift */; };
		CA496B7027EBEF2A0067EE63 /* WalkingRunningDistanceView.swift in Sources */ = {isa = PBXBuildFile; fileRef = CA496B1527EBEF290067EE63 /* WalkingRunningDistanceView.swift */; };
		CA496B7127EBEF2A0067EE63 /* ActiveEnergyView.swift in Sources */ = {isa = PBXBuildFile; fileRef = CA496B1627EBEF290067EE63 /* ActiveEnergyView.swift */; };
		CA496B7227EBEF2A0067EE63 /* SlidingAverageView.swift in Sources */ = {isa = PBXBuildFile; fileRef = CA496B1727EBEF290067EE63 /* SlidingAverageView.swift */; };
		CA496B7327EBEF2A0067EE63 /* InfluencesActivityView.swift in Sources */ = {isa = PBXBuildFile; fileRef = CA496B1827EBEF290067EE63 /* InfluencesActivityView.swift */; };
		CA496B7427EBEF2A0067EE63 /* InfluencesSocialView.swift in Sources */ = {isa = PBXBuildFile; fileRef = CA496B1927EBEF290067EE63 /* InfluencesSocialView.swift */; };
		CA496B7527EBEF2A0067EE63 /* AverageMoodView.swift in Sources */ = {isa = PBXBuildFile; fileRef = CA496B1A27EBEF290067EE63 /* AverageMoodView.swift */; };
		CA496B7627EBEF2A0067EE63 /* SleepView.swift in Sources */ = {isa = PBXBuildFile; fileRef = CA496B1B27EBEF290067EE63 /* SleepView.swift */; };
		CA496B7727EBEF2A0067EE63 /* InsightsView.swift in Sources */ = {isa = PBXBuildFile; fileRef = CA496B1C27EBEF290067EE63 /* InsightsView.swift */; };
		CA496B7827EBEF2A0067EE63 /* TransientReferencePickerView.swift in Sources */ = {isa = PBXBuildFile; fileRef = CA496B1D27EBEF290067EE63 /* TransientReferencePickerView.swift */; };
		CA496B7927EBEF2A0067EE63 /* TallyView.swift in Sources */ = {isa = PBXBuildFile; fileRef = CA496B1E27EBEF290067EE63 /* TallyView.swift */; };
		CA496B7A27EBEF2A0067EE63 /* TransientView.swift in Sources */ = {isa = PBXBuildFile; fileRef = CA496B1F27EBEF290067EE63 /* TransientView.swift */; };
		CA496B7B27EBEF2A0067EE63 /* MenstrualView.swift in Sources */ = {isa = PBXBuildFile; fileRef = CA496B2027EBEF290067EE63 /* MenstrualView.swift */; };
		CA496B7C27EBEF2A0067EE63 /* InfluencesHashtagView.swift in Sources */ = {isa = PBXBuildFile; fileRef = CA496B2127EBEF290067EE63 /* InfluencesHashtagView.swift */; };
		CA496B7D27EBEF2A0067EE63 /* WeightView.swift in Sources */ = {isa = PBXBuildFile; fileRef = CA496B2227EBEF290067EE63 /* WeightView.swift */; };
		CA496B7E27EBEF2A0067EE63 /* InfluencesEventsView.swift in Sources */ = {isa = PBXBuildFile; fileRef = CA496B2327EBEF290067EE63 /* InfluencesEventsView.swift */; };
		CA496B7F27EBEF2A0067EE63 /* SlidingVolatilityView.swift in Sources */ = {isa = PBXBuildFile; fileRef = CA496B2427EBEF290067EE63 /* SlidingVolatilityView.swift */; };
		CA496B8027EBEF2A0067EE63 /* MoodHistoryBarView.swift in Sources */ = {isa = PBXBuildFile; fileRef = CA496B2527EBEF290067EE63 /* MoodHistoryBarView.swift */; };
		CA496B8627EBEF2A0067EE63 /* HistoryActivityView.swift in Sources */ = {isa = PBXBuildFile; fileRef = CA496B2D27EBEF290067EE63 /* HistoryActivityView.swift */; };
		CA496B8727EBEF2A0067EE63 /* HistoryMoodView.swift in Sources */ = {isa = PBXBuildFile; fileRef = CA496B2E27EBEF290067EE63 /* HistoryMoodView.swift */; };
		CA496B8827EBEF2A0067EE63 /* HistorySymptomsView.swift in Sources */ = {isa = PBXBuildFile; fileRef = CA496B2F27EBEF290067EE63 /* HistorySymptomsView.swift */; };
		CA496B8927EBEF2A0067EE63 /* HistoryEventView.swift in Sources */ = {isa = PBXBuildFile; fileRef = CA496B3027EBEF290067EE63 /* HistoryEventView.swift */; };
		CA496B8A27EBEF2A0067EE63 /* HistoryMediaView.swift in Sources */ = {isa = PBXBuildFile; fileRef = CA496B3127EBEF290067EE63 /* HistoryMediaView.swift */; };
		CA496B8B27EBEF2A0067EE63 /* HistorySocialView.swift in Sources */ = {isa = PBXBuildFile; fileRef = CA496B3227EBEF290067EE63 /* HistorySocialView.swift */; };
		CA496B8C27EBEF2A0067EE63 /* HistoryNoteView.swift in Sources */ = {isa = PBXBuildFile; fileRef = CA496B3327EBEF290067EE63 /* HistoryNoteView.swift */; };
		CA496B8D27EBEF2A0067EE63 /* HistoryItemView.swift in Sources */ = {isa = PBXBuildFile; fileRef = CA496B3427EBEF290067EE63 /* HistoryItemView.swift */; };
		CA496B8E27EBEF2A0067EE63 /* HistoryView.swift in Sources */ = {isa = PBXBuildFile; fileRef = CA496B3527EBEF290067EE63 /* HistoryView.swift */; };
		CA496B8F27EBEF2A0067EE63 /* HistoryQuoteView.swift in Sources */ = {isa = PBXBuildFile; fileRef = CA496B3627EBEF290067EE63 /* HistoryQuoteView.swift */; };
		CA496B9027EBEF2A0067EE63 /* MoodLevelsView.swift in Sources */ = {isa = PBXBuildFile; fileRef = CA496B3727EBEF290067EE63 /* MoodLevelsView.swift */; };
		CA496B9127EBEF2A0067EE63 /* EventView.swift in Sources */ = {isa = PBXBuildFile; fileRef = CA496B3927EBEF290067EE63 /* EventView.swift */; };
		CA496B9227EBEF2A0067EE63 /* SettingsView.swift in Sources */ = {isa = PBXBuildFile; fileRef = CA496B3A27EBEF290067EE63 /* SettingsView.swift */; };
		CA496B9327EBEF2A0067EE63 /* MediaView.swift in Sources */ = {isa = PBXBuildFile; fileRef = CA496B3B27EBEF290067EE63 /* MediaView.swift */; };
		CA496B9427EBEF2A0067EE63 /* NoteView.swift in Sources */ = {isa = PBXBuildFile; fileRef = CA496B3C27EBEF290067EE63 /* NoteView.swift */; };
		CA496B9527EBEF2A0067EE63 /* MoodSnapView.swift in Sources */ = {isa = PBXBuildFile; fileRef = CA496B3D27EBEF290067EE63 /* MoodSnapView.swift */; };
		CA496B9627EBEF2A0067EE63 /* IntroPopoverView.swift in Sources */ = {isa = PBXBuildFile; fileRef = CA496B3E27EBEF290067EE63 /* IntroPopoverView.swift */; };
		CA496B9827EBEF2B0067EE63 /* DatePickerView.swift in Sources */ = {isa = PBXBuildFile; fileRef = CA496B4027EBEF290067EE63 /* DatePickerView.swift */; };
		CA496B9927EBEF2B0067EE63 /* HelpView.swift in Sources */ = {isa = PBXBuildFile; fileRef = CA496B4127EBEF290067EE63 /* HelpView.swift */; };
		CA496B9A27EBEF2B0067EE63 /* ContentView.swift in Sources */ = {isa = PBXBuildFile; fileRef = CA496B4227EBEF290067EE63 /* ContentView.swift */; };
		CA496B9B27EBEF2B0067EE63 /* ControlView.swift in Sources */ = {isa = PBXBuildFile; fileRef = CA496B4327EBEF290067EE63 /* ControlView.swift */; };
		CA496B9C27EBEF2B0067EE63 /* TestData.swift in Sources */ = {isa = PBXBuildFile; fileRef = CA496B4527EBEF2A0067EE63 /* TestData.swift */; };
		CA496B9E27EBEF2B0067EE63 /* UX.swift in Sources */ = {isa = PBXBuildFile; fileRef = CA496B4927EBEF2A0067EE63 /* UX.swift */; };
		CA496B9F27EBEF2B0067EE63 /* Color.swift in Sources */ = {isa = PBXBuildFile; fileRef = CA496B4A27EBEF2A0067EE63 /* Color.swift */; };
		CA496BA227EBEF2B0067EE63 /* FileSystem.swift in Sources */ = {isa = PBXBuildFile; fileRef = CA496B4F27EBEF2A0067EE63 /* FileSystem.swift */; };
		CA496BA327EBEF2B0067EE63 /* ImagePicker.swift in Sources */ = {isa = PBXBuildFile; fileRef = CA496B5027EBEF2A0067EE63 /* ImagePicker.swift */; };
		CA496BA427EBEF2B0067EE63 /* JSON.swift in Sources */ = {isa = PBXBuildFile; fileRef = CA496B5227EBEF2A0067EE63 /* JSON.swift */; };
		CA496BA627EBEF2B0067EE63 /* DataStore.swift in Sources */ = {isa = PBXBuildFile; fileRef = CA496B5427EBEF2A0067EE63 /* DataStore.swift */; };
		CA496BA827EBEF2B0067EE63 /* PDFSingleSlidingVolatilityView.swift in Sources */ = {isa = PBXBuildFile; fileRef = CA496B5927EBEF2A0067EE63 /* PDFSingleSlidingVolatilityView.swift */; };
		CA496BA927EBEF2B0067EE63 /* PDFViewUI.swift in Sources */ = {isa = PBXBuildFile; fileRef = CA496B5A27EBEF2A0067EE63 /* PDFViewUI.swift */; };
		CA496BAA27EBEF2B0067EE63 /* PDFSingleSlidingAverageView.swift in Sources */ = {isa = PBXBuildFile; fileRef = CA496B5B27EBEF2A0067EE63 /* PDFSingleSlidingAverageView.swift */; };
		CA496BAB27EBEF2B0067EE63 /* PDFAverageMoodView.swift in Sources */ = {isa = PBXBuildFile; fileRef = CA496B5C27EBEF2A0067EE63 /* PDFAverageMoodView.swift */; };
		CA496BAC27EBEF2B0067EE63 /* PDFMoodHistoryBarView.swift in Sources */ = {isa = PBXBuildFile; fileRef = CA496B5D27EBEF2A0067EE63 /* PDFMoodHistoryBarView.swift */; };
		CA496BAD27EBEF2B0067EE63 /* ViewAsImage.swift in Sources */ = {isa = PBXBuildFile; fileRef = CA496B5E27EBEF2A0067EE63 /* ViewAsImage.swift */; };
		CA496BAE27EBEF2B0067EE63 /* PDFSingleMoodHistoryBarView.swift in Sources */ = {isa = PBXBuildFile; fileRef = CA496B5F27EBEF2A0067EE63 /* PDFSingleMoodHistoryBarView.swift */; };
		CA496BAF27EBEF2B0067EE63 /* ReportView.swift in Sources */ = {isa = PBXBuildFile; fileRef = CA496B6027EBEF2A0067EE63 /* ReportView.swift */; };
		CA496BB027EBEF2B0067EE63 /* GeneratePDF.swift in Sources */ = {isa = PBXBuildFile; fileRef = CA496B6127EBEF2A0067EE63 /* GeneratePDF.swift */; };
		CA496BB127EBEF2B0067EE63 /* Hashtags.swift in Sources */ = {isa = PBXBuildFile; fileRef = CA496B6327EBEF2A0067EE63 /* Hashtags.swift */; };
		CA496BB327EBEF2B0067EE63 /* Transients.swift in Sources */ = {isa = PBXBuildFile; fileRef = CA496B6627EBEF2A0067EE63 /* Transients.swift */; };
		CA496BB427EBEF2B0067EE63 /* Volatility.swift in Sources */ = {isa = PBXBuildFile; fileRef = CA496B6727EBEF2A0067EE63 /* Volatility.swift */; };
		CA496BB527EBEF2B0067EE63 /* GenerateHistory.swift in Sources */ = {isa = PBXBuildFile; fileRef = CA496B6827EBEF2A0067EE63 /* GenerateHistory.swift */; };
		CA496BB727EBEF2B0067EE63 /* Average.swift in Sources */ = {isa = PBXBuildFile; fileRef = CA496B6A27EBEF2A0067EE63 /* Average.swift */; };
		CA496BB927EBEF2B0067EE63 /* Influence.swift in Sources */ = {isa = PBXBuildFile; fileRef = CA496B6C27EBEF2A0067EE63 /* Influence.swift */; };
		CA496BBB27EBEF2B0067EE63 /* AverageMoodSnap.swift in Sources */ = {isa = PBXBuildFile; fileRef = CA496B6E27EBEF2A0067EE63 /* AverageMoodSnap.swift */; };
		CA496BC227EBF1F30067EE63 /* TPPDF in Frameworks */ = {isa = PBXBuildFile; productRef = CA496BC127EBF1F30067EE63 /* TPPDF */; };
		CA58162028B4E04D000E4C8A /* AppStoreReview.swift in Sources */ = {isa = PBXBuildFile; fileRef = CA58161F28B4E04D000E4C8A /* AppStoreReview.swift */; };
		CA58D46927ECFC4300D071B3 /* UnlockView.swift in Sources */ = {isa = PBXBuildFile; fileRef = CA58D46827ECFC4300D071B3 /* UnlockView.swift */; };
		CA5C61A82802464F003151FD /* Localizable.strings in Resources */ = {isa = PBXBuildFile; fileRef = CA5C61AA2802464F003151FD /* Localizable.strings */; };
		CA69217728154B2900E99864 /* HealthData.swift in Sources */ = {isa = PBXBuildFile; fileRef = CA69217628154B2900E99864 /* HealthData.swift */; };
		CA69217928154B8500E99864 /* Nils.swift in Sources */ = {isa = PBXBuildFile; fileRef = CA69217828154B8500E99864 /* Nils.swift */; };
		CA7775AB280CD44C0045A202 /* HealthManager.swift in Sources */ = {isa = PBXBuildFile; fileRef = CA7775AA280CD44C0045A202 /* HealthManager.swift */; };
		CA7775AF280CDB380045A202 /* HealthKit.framework in Frameworks */ = {isa = PBXBuildFile; fileRef = CA7775AE280CDB380045A202 /* HealthKit.framework */; };
		CA78ABC02825F769002C6A3B /* TickSlider.swift in Sources */ = {isa = PBXBuildFile; fileRef = CA78ABBF2825F769002C6A3B /* TickSlider.swift */; };
		CA87642C2814D7A1000FEEEC /* LineChart.swift in Sources */ = {isa = PBXBuildFile; fileRef = CA87642B2814D7A1000FEEEC /* LineChart.swift */; };
		CA87642E2814D7EC000FEEEC /* VerticalBarChart.swift in Sources */ = {isa = PBXBuildFile; fileRef = CA87642D2814D7EC000FEEEC /* VerticalBarChart.swift */; };
		CAAA2D1A27F284380096AD22 /* GetDates.swift in Sources */ = {isa = PBXBuildFile; fileRef = CAAA2D1927F284380096AD22 /* GetDates.swift */; };
		CAB7DB9E28184C04004866B3 /* TransientWithPickerView.swift in Sources */ = {isa = PBXBuildFile; fileRef = CAB7DB9D28184C04004866B3 /* TransientWithPickerView.swift */; };
		CAB7F2DA280DFFFF00E8A823 /* Correlation.swift in Sources */ = {isa = PBXBuildFile; fileRef = CAB7F2D9280DFFFF00E8A823 /* Correlation.swift */; };
		CACD6FEE27F1619500D71730 /* QuoteSnap.swift in Sources */ = {isa = PBXBuildFile; fileRef = CACD6FED27F1619500D71730 /* QuoteSnap.swift */; };
/* End PBXBuildFile section */

/* Begin PBXFileReference section */
		CA0C523C281614A000B1595C /* SuperimposedBarLineChart.swift */ = {isa = PBXFileReference; lastKnownFileType = sourcecode.swift; path = SuperimposedBarLineChart.swift; sourceTree = "<group>"; };
		CA0FA5E527EBEA1700B5EEE1 /* MoodSnap.app */ = {isa = PBXFileReference; explicitFileType = wrapper.application; includeInIndex = 0; path = MoodSnap.app; sourceTree = BUILT_PRODUCTS_DIR; };
		CA4547FE2817CE78006037DA /* Menstrual.swift */ = {isa = PBXFileReference; lastKnownFileType = sourcecode.swift; path = Menstrual.swift; sourceTree = "<group>"; };
		CA496AB227EBED7B0067EE63 /* MoodSnapApp.swift */ = {isa = PBXFileReference; lastKnownFileType = sourcecode.swift; path = MoodSnapApp.swift; sourceTree = "<group>"; };
		CA496ADC27EBEEBE0067EE63 /* HistoryCustomView.swift */ = {isa = PBXFileReference; fileEncoding = 4; lastKnownFileType = sourcecode.swift; path = HistoryCustomView.swift; sourceTree = "<group>"; };
		CA496AF927EBEEEE0067EE63 /* Constants.swift */ = {isa = PBXFileReference; fileEncoding = 4; lastKnownFileType = sourcecode.swift; path = Constants.swift; sourceTree = "<group>"; };
		CA496AFA27EBEEEE0067EE63 /* DataStructures.swift */ = {isa = PBXFileReference; fileEncoding = 4; lastKnownFileType = sourcecode.swift; path = DataStructures.swift; sourceTree = "<group>"; };
		CA496AFB27EBEEEE0067EE63 /* Utilities.swift */ = {isa = PBXFileReference; fileEncoding = 4; lastKnownFileType = sourcecode.swift; path = Utilities.swift; sourceTree = "<group>"; };
		CA496AFC27EBEEEE0067EE63 /* Counting.swift */ = {isa = PBXFileReference; fileEncoding = 4; lastKnownFileType = sourcecode.swift; path = Counting.swift; sourceTree = "<group>"; };
		CA496AFD27EBEEEE0067EE63 /* Sorting.swift */ = {isa = PBXFileReference; fileEncoding = 4; lastKnownFileType = sourcecode.swift; path = Sorting.swift; sourceTree = "<group>"; };
		CA496AFE27EBEEEE0067EE63 /* Enumerations.swift */ = {isa = PBXFileReference; fileEncoding = 4; lastKnownFileType = sourcecode.swift; path = Enumerations.swift; sourceTree = "<group>"; };
		CA496AFF27EBEEEE0067EE63 /* Filtering.swift */ = {isa = PBXFileReference; fileEncoding = 4; lastKnownFileType = sourcecode.swift; path = Filtering.swift; sourceTree = "<group>"; };
		CA496B0027EBEEEE0067EE63 /* Notifications.swift */ = {isa = PBXFileReference; fileEncoding = 4; lastKnownFileType = sourcecode.swift; path = Notifications.swift; sourceTree = "<group>"; };
		CA496B0227EBEEEE0067EE63 /* DateConverters.swift */ = {isa = PBXFileReference; fileEncoding = 4; lastKnownFileType = sourcecode.swift; path = DateConverters.swift; sourceTree = "<group>"; };
		CA496B0327EBEEEE0067EE63 /* GraphDataConverters.swift */ = {isa = PBXFileReference; fileEncoding = 4; lastKnownFileType = sourcecode.swift; path = GraphDataConverters.swift; sourceTree = "<group>"; };
		CA496B0427EBEEEE0067EE63 /* Merging.swift */ = {isa = PBXFileReference; fileEncoding = 4; lastKnownFileType = sourcecode.swift; path = Merging.swift; sourceTree = "<group>"; };
		CA496B1127EBEEFC0067EE63 /* Assets.xcassets */ = {isa = PBXFileReference; lastKnownFileType = folder.assetcatalog; path = Assets.xcassets; sourceTree = "<group>"; };
		CA496B1427EBEF290067EE63 /* InfluencesSymptomView.swift */ = {isa = PBXFileReference; fileEncoding = 4; lastKnownFileType = sourcecode.swift; path = InfluencesSymptomView.swift; sourceTree = "<group>"; };
		CA496B1527EBEF290067EE63 /* WalkingRunningDistanceView.swift */ = {isa = PBXFileReference; fileEncoding = 4; lastKnownFileType = sourcecode.swift; path = WalkingRunningDistanceView.swift; sourceTree = "<group>"; };
		CA496B1627EBEF290067EE63 /* ActiveEnergyView.swift */ = {isa = PBXFileReference; fileEncoding = 4; lastKnownFileType = sourcecode.swift; path = ActiveEnergyView.swift; sourceTree = "<group>"; };
		CA496B1727EBEF290067EE63 /* SlidingAverageView.swift */ = {isa = PBXFileReference; fileEncoding = 4; lastKnownFileType = sourcecode.swift; path = SlidingAverageView.swift; sourceTree = "<group>"; };
		CA496B1827EBEF290067EE63 /* InfluencesActivityView.swift */ = {isa = PBXFileReference; fileEncoding = 4; lastKnownFileType = sourcecode.swift; path = InfluencesActivityView.swift; sourceTree = "<group>"; };
		CA496B1927EBEF290067EE63 /* InfluencesSocialView.swift */ = {isa = PBXFileReference; fileEncoding = 4; lastKnownFileType = sourcecode.swift; path = InfluencesSocialView.swift; sourceTree = "<group>"; };
		CA496B1A27EBEF290067EE63 /* AverageMoodView.swift */ = {isa = PBXFileReference; fileEncoding = 4; lastKnownFileType = sourcecode.swift; path = AverageMoodView.swift; sourceTree = "<group>"; };
		CA496B1B27EBEF290067EE63 /* SleepView.swift */ = {isa = PBXFileReference; fileEncoding = 4; lastKnownFileType = sourcecode.swift; path = SleepView.swift; sourceTree = "<group>"; };
		CA496B1C27EBEF290067EE63 /* InsightsView.swift */ = {isa = PBXFileReference; fileEncoding = 4; lastKnownFileType = sourcecode.swift; path = InsightsView.swift; sourceTree = "<group>"; };
		CA496B1D27EBEF290067EE63 /* TransientReferencePickerView.swift */ = {isa = PBXFileReference; fileEncoding = 4; lastKnownFileType = sourcecode.swift; path = TransientReferencePickerView.swift; sourceTree = "<group>"; };
		CA496B1E27EBEF290067EE63 /* TallyView.swift */ = {isa = PBXFileReference; fileEncoding = 4; lastKnownFileType = sourcecode.swift; path = TallyView.swift; sourceTree = "<group>"; };
		CA496B1F27EBEF290067EE63 /* TransientView.swift */ = {isa = PBXFileReference; fileEncoding = 4; lastKnownFileType = sourcecode.swift; path = TransientView.swift; sourceTree = "<group>"; };
		CA496B2027EBEF290067EE63 /* MenstrualView.swift */ = {isa = PBXFileReference; fileEncoding = 4; lastKnownFileType = sourcecode.swift; path = MenstrualView.swift; sourceTree = "<group>"; };
		CA496B2127EBEF290067EE63 /* InfluencesHashtagView.swift */ = {isa = PBXFileReference; fileEncoding = 4; lastKnownFileType = sourcecode.swift; path = InfluencesHashtagView.swift; sourceTree = "<group>"; };
		CA496B2227EBEF290067EE63 /* WeightView.swift */ = {isa = PBXFileReference; fileEncoding = 4; lastKnownFileType = sourcecode.swift; path = WeightView.swift; sourceTree = "<group>"; };
		CA496B2327EBEF290067EE63 /* InfluencesEventsView.swift */ = {isa = PBXFileReference; fileEncoding = 4; lastKnownFileType = sourcecode.swift; path = InfluencesEventsView.swift; sourceTree = "<group>"; };
		CA496B2427EBEF290067EE63 /* SlidingVolatilityView.swift */ = {isa = PBXFileReference; fileEncoding = 4; lastKnownFileType = sourcecode.swift; path = SlidingVolatilityView.swift; sourceTree = "<group>"; };
		CA496B2527EBEF290067EE63 /* MoodHistoryBarView.swift */ = {isa = PBXFileReference; fileEncoding = 4; lastKnownFileType = sourcecode.swift; path = MoodHistoryBarView.swift; sourceTree = "<group>"; };
		CA496B2D27EBEF290067EE63 /* HistoryActivityView.swift */ = {isa = PBXFileReference; fileEncoding = 4; lastKnownFileType = sourcecode.swift; path = HistoryActivityView.swift; sourceTree = "<group>"; };
		CA496B2E27EBEF290067EE63 /* HistoryMoodView.swift */ = {isa = PBXFileReference; fileEncoding = 4; lastKnownFileType = sourcecode.swift; path = HistoryMoodView.swift; sourceTree = "<group>"; };
		CA496B2F27EBEF290067EE63 /* HistorySymptomsView.swift */ = {isa = PBXFileReference; fileEncoding = 4; lastKnownFileType = sourcecode.swift; path = HistorySymptomsView.swift; sourceTree = "<group>"; };
		CA496B3027EBEF290067EE63 /* HistoryEventView.swift */ = {isa = PBXFileReference; fileEncoding = 4; lastKnownFileType = sourcecode.swift; path = HistoryEventView.swift; sourceTree = "<group>"; };
		CA496B3127EBEF290067EE63 /* HistoryMediaView.swift */ = {isa = PBXFileReference; fileEncoding = 4; lastKnownFileType = sourcecode.swift; path = HistoryMediaView.swift; sourceTree = "<group>"; };
		CA496B3227EBEF290067EE63 /* HistorySocialView.swift */ = {isa = PBXFileReference; fileEncoding = 4; lastKnownFileType = sourcecode.swift; path = HistorySocialView.swift; sourceTree = "<group>"; };
		CA496B3327EBEF290067EE63 /* HistoryNoteView.swift */ = {isa = PBXFileReference; fileEncoding = 4; lastKnownFileType = sourcecode.swift; path = HistoryNoteView.swift; sourceTree = "<group>"; };
		CA496B3427EBEF290067EE63 /* HistoryItemView.swift */ = {isa = PBXFileReference; fileEncoding = 4; lastKnownFileType = sourcecode.swift; path = HistoryItemView.swift; sourceTree = "<group>"; };
		CA496B3527EBEF290067EE63 /* HistoryView.swift */ = {isa = PBXFileReference; fileEncoding = 4; lastKnownFileType = sourcecode.swift; path = HistoryView.swift; sourceTree = "<group>"; };
		CA496B3627EBEF290067EE63 /* HistoryQuoteView.swift */ = {isa = PBXFileReference; fileEncoding = 4; lastKnownFileType = sourcecode.swift; path = HistoryQuoteView.swift; sourceTree = "<group>"; };
		CA496B3727EBEF290067EE63 /* MoodLevelsView.swift */ = {isa = PBXFileReference; fileEncoding = 4; lastKnownFileType = sourcecode.swift; path = MoodLevelsView.swift; sourceTree = "<group>"; };
		CA496B3927EBEF290067EE63 /* EventView.swift */ = {isa = PBXFileReference; fileEncoding = 4; lastKnownFileType = sourcecode.swift; path = EventView.swift; sourceTree = "<group>"; };
		CA496B3A27EBEF290067EE63 /* SettingsView.swift */ = {isa = PBXFileReference; fileEncoding = 4; lastKnownFileType = sourcecode.swift; path = SettingsView.swift; sourceTree = "<group>"; };
		CA496B3B27EBEF290067EE63 /* MediaView.swift */ = {isa = PBXFileReference; fileEncoding = 4; lastKnownFileType = sourcecode.swift; path = MediaView.swift; sourceTree = "<group>"; };
		CA496B3C27EBEF290067EE63 /* NoteView.swift */ = {isa = PBXFileReference; fileEncoding = 4; lastKnownFileType = sourcecode.swift; path = NoteView.swift; sourceTree = "<group>"; };
		CA496B3D27EBEF290067EE63 /* MoodSnapView.swift */ = {isa = PBXFileReference; fileEncoding = 4; lastKnownFileType = sourcecode.swift; path = MoodSnapView.swift; sourceTree = "<group>"; };
		CA496B3E27EBEF290067EE63 /* IntroPopoverView.swift */ = {isa = PBXFileReference; fileEncoding = 4; lastKnownFileType = sourcecode.swift; path = IntroPopoverView.swift; sourceTree = "<group>"; };
		CA496B4027EBEF290067EE63 /* DatePickerView.swift */ = {isa = PBXFileReference; fileEncoding = 4; lastKnownFileType = sourcecode.swift; path = DatePickerView.swift; sourceTree = "<group>"; };
		CA496B4127EBEF290067EE63 /* HelpView.swift */ = {isa = PBXFileReference; fileEncoding = 4; lastKnownFileType = sourcecode.swift; path = HelpView.swift; sourceTree = "<group>"; };
		CA496B4227EBEF290067EE63 /* ContentView.swift */ = {isa = PBXFileReference; fileEncoding = 4; lastKnownFileType = sourcecode.swift; path = ContentView.swift; sourceTree = "<group>"; };
		CA496B4327EBEF290067EE63 /* ControlView.swift */ = {isa = PBXFileReference; fileEncoding = 4; lastKnownFileType = sourcecode.swift; path = ControlView.swift; sourceTree = "<group>"; };
		CA496B4527EBEF2A0067EE63 /* TestData.swift */ = {isa = PBXFileReference; fileEncoding = 4; lastKnownFileType = sourcecode.swift; path = TestData.swift; sourceTree = "<group>"; };
		CA496B4927EBEF2A0067EE63 /* UX.swift */ = {isa = PBXFileReference; fileEncoding = 4; lastKnownFileType = sourcecode.swift; path = UX.swift; sourceTree = "<group>"; };
		CA496B4A27EBEF2A0067EE63 /* Color.swift */ = {isa = PBXFileReference; fileEncoding = 4; lastKnownFileType = sourcecode.swift; path = Color.swift; sourceTree = "<group>"; };
		CA496B4F27EBEF2A0067EE63 /* FileSystem.swift */ = {isa = PBXFileReference; fileEncoding = 4; lastKnownFileType = sourcecode.swift; path = FileSystem.swift; sourceTree = "<group>"; };
		CA496B5027EBEF2A0067EE63 /* ImagePicker.swift */ = {isa = PBXFileReference; fileEncoding = 4; lastKnownFileType = sourcecode.swift; path = ImagePicker.swift; sourceTree = "<group>"; };
		CA496B5227EBEF2A0067EE63 /* JSON.swift */ = {isa = PBXFileReference; fileEncoding = 4; lastKnownFileType = sourcecode.swift; path = JSON.swift; sourceTree = "<group>"; };
		CA496B5427EBEF2A0067EE63 /* DataStore.swift */ = {isa = PBXFileReference; fileEncoding = 4; lastKnownFileType = sourcecode.swift; path = DataStore.swift; sourceTree = "<group>"; };
		CA496B5927EBEF2A0067EE63 /* PDFSingleSlidingVolatilityView.swift */ = {isa = PBXFileReference; fileEncoding = 4; lastKnownFileType = sourcecode.swift; path = PDFSingleSlidingVolatilityView.swift; sourceTree = "<group>"; };
		CA496B5A27EBEF2A0067EE63 /* PDFViewUI.swift */ = {isa = PBXFileReference; fileEncoding = 4; lastKnownFileType = sourcecode.swift; path = PDFViewUI.swift; sourceTree = "<group>"; };
		CA496B5B27EBEF2A0067EE63 /* PDFSingleSlidingAverageView.swift */ = {isa = PBXFileReference; fileEncoding = 4; lastKnownFileType = sourcecode.swift; path = PDFSingleSlidingAverageView.swift; sourceTree = "<group>"; };
		CA496B5C27EBEF2A0067EE63 /* PDFAverageMoodView.swift */ = {isa = PBXFileReference; fileEncoding = 4; lastKnownFileType = sourcecode.swift; path = PDFAverageMoodView.swift; sourceTree = "<group>"; };
		CA496B5D27EBEF2A0067EE63 /* PDFMoodHistoryBarView.swift */ = {isa = PBXFileReference; fileEncoding = 4; lastKnownFileType = sourcecode.swift; path = PDFMoodHistoryBarView.swift; sourceTree = "<group>"; };
		CA496B5E27EBEF2A0067EE63 /* ViewAsImage.swift */ = {isa = PBXFileReference; fileEncoding = 4; lastKnownFileType = sourcecode.swift; path = ViewAsImage.swift; sourceTree = "<group>"; };
		CA496B5F27EBEF2A0067EE63 /* PDFSingleMoodHistoryBarView.swift */ = {isa = PBXFileReference; fileEncoding = 4; lastKnownFileType = sourcecode.swift; path = PDFSingleMoodHistoryBarView.swift; sourceTree = "<group>"; };
		CA496B6027EBEF2A0067EE63 /* ReportView.swift */ = {isa = PBXFileReference; fileEncoding = 4; lastKnownFileType = sourcecode.swift; path = ReportView.swift; sourceTree = "<group>"; };
		CA496B6127EBEF2A0067EE63 /* GeneratePDF.swift */ = {isa = PBXFileReference; fileEncoding = 4; lastKnownFileType = sourcecode.swift; path = GeneratePDF.swift; sourceTree = "<group>"; };
		CA496B6327EBEF2A0067EE63 /* Hashtags.swift */ = {isa = PBXFileReference; fileEncoding = 4; lastKnownFileType = sourcecode.swift; path = Hashtags.swift; sourceTree = "<group>"; };
		CA496B6627EBEF2A0067EE63 /* Transients.swift */ = {isa = PBXFileReference; fileEncoding = 4; lastKnownFileType = sourcecode.swift; path = Transients.swift; sourceTree = "<group>"; };
		CA496B6727EBEF2A0067EE63 /* Volatility.swift */ = {isa = PBXFileReference; fileEncoding = 4; lastKnownFileType = sourcecode.swift; path = Volatility.swift; sourceTree = "<group>"; };
		CA496B6827EBEF2A0067EE63 /* GenerateHistory.swift */ = {isa = PBXFileReference; fileEncoding = 4; lastKnownFileType = sourcecode.swift; path = GenerateHistory.swift; sourceTree = "<group>"; };
		CA496B6A27EBEF2A0067EE63 /* Average.swift */ = {isa = PBXFileReference; fileEncoding = 4; lastKnownFileType = sourcecode.swift; path = Average.swift; sourceTree = "<group>"; };
		CA496B6C27EBEF2A0067EE63 /* Influence.swift */ = {isa = PBXFileReference; fileEncoding = 4; lastKnownFileType = sourcecode.swift; path = Influence.swift; sourceTree = "<group>"; };
		CA496B6E27EBEF2A0067EE63 /* AverageMoodSnap.swift */ = {isa = PBXFileReference; fileEncoding = 4; lastKnownFileType = sourcecode.swift; path = AverageMoodSnap.swift; sourceTree = "<group>"; };
		CA58161F28B4E04D000E4C8A /* AppStoreReview.swift */ = {isa = PBXFileReference; lastKnownFileType = sourcecode.swift; path = AppStoreReview.swift; sourceTree = "<group>"; };
		CA58D46827ECFC4300D071B3 /* UnlockView.swift */ = {isa = PBXFileReference; lastKnownFileType = sourcecode.swift; path = UnlockView.swift; sourceTree = "<group>"; };
		CA5C61A92802464F003151FD /* en */ = {isa = PBXFileReference; lastKnownFileType = text.plist.strings; name = en; path = en.lproj/Localizable.strings; sourceTree = "<group>"; };
		CA69217628154B2900E99864 /* HealthData.swift */ = {isa = PBXFileReference; lastKnownFileType = sourcecode.swift; path = HealthData.swift; sourceTree = "<group>"; };
		CA69217828154B8500E99864 /* Nils.swift */ = {isa = PBXFileReference; lastKnownFileType = sourcecode.swift; path = Nils.swift; sourceTree = "<group>"; };
		CA7775AA280CD44C0045A202 /* HealthManager.swift */ = {isa = PBXFileReference; lastKnownFileType = sourcecode.swift; path = HealthManager.swift; sourceTree = "<group>"; };
		CA7775AC280CDB370045A202 /* MoodSnap.entitlements */ = {isa = PBXFileReference; lastKnownFileType = text.plist.entitlements; path = MoodSnap.entitlements; sourceTree = "<group>"; };
		CA7775AE280CDB380045A202 /* HealthKit.framework */ = {isa = PBXFileReference; lastKnownFileType = wrapper.framework; name = HealthKit.framework; path = System/Library/Frameworks/HealthKit.framework; sourceTree = SDKROOT; };
		CA78ABBF2825F769002C6A3B /* TickSlider.swift */ = {isa = PBXFileReference; lastKnownFileType = sourcecode.swift; path = TickSlider.swift; sourceTree = "<group>"; };
		CA87642B2814D7A1000FEEEC /* LineChart.swift */ = {isa = PBXFileReference; lastKnownFileType = sourcecode.swift; path = LineChart.swift; sourceTree = "<group>"; };
		CA87642D2814D7EC000FEEEC /* VerticalBarChart.swift */ = {isa = PBXFileReference; lastKnownFileType = sourcecode.swift; path = VerticalBarChart.swift; sourceTree = "<group>"; };
		CAAA2D1927F284380096AD22 /* GetDates.swift */ = {isa = PBXFileReference; lastKnownFileType = sourcecode.swift; path = GetDates.swift; sourceTree = "<group>"; };
		CAB7DB9D28184C04004866B3 /* TransientWithPickerView.swift */ = {isa = PBXFileReference; lastKnownFileType = sourcecode.swift; path = TransientWithPickerView.swift; sourceTree = "<group>"; };
		CAB7F2D9280DFFFF00E8A823 /* Correlation.swift */ = {isa = PBXFileReference; lastKnownFileType = sourcecode.swift; path = Correlation.swift; sourceTree = "<group>"; };
		CACD6FED27F1619500D71730 /* QuoteSnap.swift */ = {isa = PBXFileReference; lastKnownFileType = sourcecode.swift; path = QuoteSnap.swift; sourceTree = "<group>"; };
/* End PBXFileReference section */

/* Begin PBXFrameworksBuildPhase section */
		CA0FA5E227EBEA1700B5EEE1 /* Frameworks */ = {
			isa = PBXFrameworksBuildPhase;
			buildActionMask = 2147483647;
			files = (
				CA496BC227EBF1F30067EE63 /* TPPDF in Frameworks */,
				CA7775AF280CDB380045A202 /* HealthKit.framework in Frameworks */,
				CA3CD64427EC0074008F0AAE /* Disk in Frameworks */,
			);
			runOnlyForDeploymentPostprocessing = 0;
		};
/* End PBXFrameworksBuildPhase section */

/* Begin PBXGroup section */
		CA0FA5DC27EBEA1700B5EEE1 = {
			isa = PBXGroup;
			children = (
				CA7775AC280CDB370045A202 /* MoodSnap.entitlements */,
				CA5C61AA2802464F003151FD /* Localizable.strings */,
				CA496AB227EBED7B0067EE63 /* MoodSnapApp.swift */,
				CA58161E28B4E03A000E4C8A /* AppStoreReview */,
				CA7775A9280CD43B0045A202 /* HealthKit */,
				CA1D6D8027EC6057002365AC /* Quotes */,
				CA496B5127EBEF2A0067EE63 /* DataStore */,
				CA496B6227EBEF2A0067EE63 /* Hashtags */,
				CA496B2C27EBEF290067EE63 /* HistoryView */,
				CA496B1327EBEF290067EE63 /* InsightsView */,
				CA496B3827EBEF290067EE63 /* MainViews */,
				CA496B4E27EBEF2A0067EE63 /* Media */,
				CA496B5827EBEF2A0067EE63 /* PDF */,
				CA496B2627EBEF290067EE63 /* Plotting */,
				CA496B6427EBEF2A0067EE63 /* Statistics */,
				CA496B4427EBEF2A0067EE63 /* Test */,
				CA496B4727EBEF2A0067EE63 /* UX */,
				CA496B1127EBEEFC0067EE63 /* Assets.xcassets */,
				CA496AF827EBEEEE0067EE63 /* Base */,
				CA0FA5E627EBEA1700B5EEE1 /* Products */,
				CA7775AD280CDB380045A202 /* Frameworks */,
			);
			sourceTree = "<group>";
		};
		CA0FA5E627EBEA1700B5EEE1 /* Products */ = {
			isa = PBXGroup;
			children = (
				CA0FA5E527EBEA1700B5EEE1 /* MoodSnap.app */,
			);
			name = Products;
			sourceTree = "<group>";
		};
		CA1D6D8027EC6057002365AC /* Quotes */ = {
			isa = PBXGroup;
			children = (
				CACD6FED27F1619500D71730 /* QuoteSnap.swift */,
			);
			path = Quotes;
			sourceTree = "<group>";
		};
		CA496AF827EBEEEE0067EE63 /* Base */ = {
			isa = PBXGroup;
			children = (
				CA496AF927EBEEEE0067EE63 /* Constants.swift */,
				CA496AFA27EBEEEE0067EE63 /* DataStructures.swift */,
				CA496AFB27EBEEEE0067EE63 /* Utilities.swift */,
				CA496AFC27EBEEEE0067EE63 /* Counting.swift */,
				CA496AFD27EBEEEE0067EE63 /* Sorting.swift */,
				CA496AFE27EBEEEE0067EE63 /* Enumerations.swift */,
				CA496AFF27EBEEEE0067EE63 /* Filtering.swift */,
				CA496B0027EBEEEE0067EE63 /* Notifications.swift */,
				CA496B0227EBEEEE0067EE63 /* DateConverters.swift */,
				CA496B0327EBEEEE0067EE63 /* GraphDataConverters.swift */,
				CA496B0427EBEEEE0067EE63 /* Merging.swift */,
			);
			path = Base;
			sourceTree = "<group>";
		};
		CA496B1327EBEF290067EE63 /* InsightsView */ = {
			isa = PBXGroup;
			children = (
				CABF5E2128ACABAE004D7A0F /* HealthView */,
				CA527AA328AA7CDE007AD6DC /* InfluencesView */,
				CA496B1727EBEF290067EE63 /* SlidingAverageView.swift */,
				CA496B1A27EBEF290067EE63 /* AverageMoodView.swift */,
				CA496B1C27EBEF290067EE63 /* InsightsView.swift */,
				CA496B1D27EBEF290067EE63 /* TransientReferencePickerView.swift */,
				CA496B1E27EBEF290067EE63 /* TallyView.swift */,
				CA496B1F27EBEF290067EE63 /* TransientView.swift */,
				CAB7DB9D28184C04004866B3 /* TransientWithPickerView.swift */,
				CA496B2427EBEF290067EE63 /* SlidingVolatilityView.swift */,
				CA496B2527EBEF290067EE63 /* MoodHistoryBarView.swift */,
			);
			path = InsightsView;
			sourceTree = "<group>";
		};
		CA496B2627EBEF290067EE63 /* Plotting */ = {
			isa = PBXGroup;
			children = (
				CA496B3727EBEF290067EE63 /* MoodLevelsView.swift */,
				CA87642B2814D7A1000FEEEC /* LineChart.swift */,
				CA87642D2814D7EC000FEEEC /* VerticalBarChart.swift */,
				CA0C523C281614A000B1595C /* SuperimposedBarLineChart.swift */,
			);
			path = Plotting;
			sourceTree = "<group>";
		};
		CA496B2C27EBEF290067EE63 /* HistoryView */ = {
			isa = PBXGroup;
			children = (
				CA496ADC27EBEEBE0067EE63 /* HistoryCustomView.swift */,
				CA496B2D27EBEF290067EE63 /* HistoryActivityView.swift */,
				CA496B2E27EBEF290067EE63 /* HistoryMoodView.swift */,
				CA496B2F27EBEF290067EE63 /* HistorySymptomsView.swift */,
				CA496B3027EBEF290067EE63 /* HistoryEventView.swift */,
				CA496B3127EBEF290067EE63 /* HistoryMediaView.swift */,
				CA496B3227EBEF290067EE63 /* HistorySocialView.swift */,
				CA496B3327EBEF290067EE63 /* HistoryNoteView.swift */,
				CA496B3427EBEF290067EE63 /* HistoryItemView.swift */,
				CA496B3527EBEF290067EE63 /* HistoryView.swift */,
				CA496B3627EBEF290067EE63 /* HistoryQuoteView.swift */,
			);
			path = HistoryView;
			sourceTree = "<group>";
		};
		CA496B3827EBEF290067EE63 /* MainViews */ = {
			isa = PBXGroup;
			children = (
				CA496B3927EBEF290067EE63 /* EventView.swift */,
				CA58D46827ECFC4300D071B3 /* UnlockView.swift */,
				CA496B3A27EBEF290067EE63 /* SettingsView.swift */,
				CA496B3B27EBEF290067EE63 /* MediaView.swift */,
				CA496B3C27EBEF290067EE63 /* NoteView.swift */,
				CA496B3D27EBEF290067EE63 /* MoodSnapView.swift */,
				CA496B3E27EBEF290067EE63 /* IntroPopoverView.swift */,
				CA496B4027EBEF290067EE63 /* DatePickerView.swift */,
				CA496B4127EBEF290067EE63 /* HelpView.swift */,
				CA496B4227EBEF290067EE63 /* ContentView.swift */,
				CA496B4327EBEF290067EE63 /* ControlView.swift */,
			);
			path = MainViews;
			sourceTree = "<group>";
		};
		CA496B4427EBEF2A0067EE63 /* Test */ = {
			isa = PBXGroup;
			children = (
				CA496B4527EBEF2A0067EE63 /* TestData.swift */,
			);
			path = Test;
			sourceTree = "<group>";
		};
		CA496B4727EBEF2A0067EE63 /* UX */ = {
			isa = PBXGroup;
			children = (
				CA496B4927EBEF2A0067EE63 /* UX.swift */,
				CA496B4A27EBEF2A0067EE63 /* Color.swift */,
				CA78ABBF2825F769002C6A3B /* TickSlider.swift */,
			);
			path = UX;
			sourceTree = "<group>";
		};
		CA496B4E27EBEF2A0067EE63 /* Media */ = {
			isa = PBXGroup;
			children = (
				CA496B4F27EBEF2A0067EE63 /* FileSystem.swift */,
				CA496B5027EBEF2A0067EE63 /* ImagePicker.swift */,
			);
			path = Media;
			sourceTree = "<group>";
		};
		CA496B5127EBEF2A0067EE63 /* DataStore */ = {
			isa = PBXGroup;
			children = (
				CA496B5227EBEF2A0067EE63 /* JSON.swift */,
				CA496B5427EBEF2A0067EE63 /* DataStore.swift */,
			);
			path = DataStore;
			sourceTree = "<group>";
		};
		CA496B5827EBEF2A0067EE63 /* PDF */ = {
			isa = PBXGroup;
			children = (
				CA496B5927EBEF2A0067EE63 /* PDFSingleSlidingVolatilityView.swift */,
				CA496B5A27EBEF2A0067EE63 /* PDFViewUI.swift */,
				CA496B5B27EBEF2A0067EE63 /* PDFSingleSlidingAverageView.swift */,
				CA496B5C27EBEF2A0067EE63 /* PDFAverageMoodView.swift */,
				CA496B5D27EBEF2A0067EE63 /* PDFMoodHistoryBarView.swift */,
				CA496B5E27EBEF2A0067EE63 /* ViewAsImage.swift */,
				CA496B5F27EBEF2A0067EE63 /* PDFSingleMoodHistoryBarView.swift */,
				CA496B6027EBEF2A0067EE63 /* ReportView.swift */,
				CA496B6127EBEF2A0067EE63 /* GeneratePDF.swift */,
			);
			path = PDF;
			sourceTree = "<group>";
		};
		CA496B6227EBEF2A0067EE63 /* Hashtags */ = {
			isa = PBXGroup;
			children = (
				CA496B6327EBEF2A0067EE63 /* Hashtags.swift */,
			);
			path = Hashtags;
			sourceTree = "<group>";
		};
		CA496B6427EBEF2A0067EE63 /* Statistics */ = {
			isa = PBXGroup;
			children = (
				CAAA2D1927F284380096AD22 /* GetDates.swift */,
				CA4547FE2817CE78006037DA /* Menstrual.swift */,
				CA496B6627EBEF2A0067EE63 /* Transients.swift */,
				CA496B6727EBEF2A0067EE63 /* Volatility.swift */,
				CA496B6827EBEF2A0067EE63 /* GenerateHistory.swift */,
				CA496B6A27EBEF2A0067EE63 /* Average.swift */,
				CAB7F2D9280DFFFF00E8A823 /* Correlation.swift */,
				CA69217828154B8500E99864 /* Nils.swift */,
				CA496B6C27EBEF2A0067EE63 /* Influence.swift */,
				CA496B6E27EBEF2A0067EE63 /* AverageMoodSnap.swift */,
			);
			path = Statistics;
			sourceTree = "<group>";
		};
		CA527AA328AA7CDE007AD6DC /* InfluencesView */ = {
			isa = PBXGroup;
			children = (
				CA496B1427EBEF290067EE63 /* InfluencesSymptomView.swift */,
				CA496B1827EBEF290067EE63 /* InfluencesActivityView.swift */,
				CA496B1927EBEF290067EE63 /* InfluencesSocialView.swift */,
				CA496B2127EBEF290067EE63 /* InfluencesHashtagView.swift */,
				CA496B2327EBEF290067EE63 /* InfluencesEventsView.swift */,
			);
			path = InfluencesView;
			sourceTree = "<group>";
		};
		CA58161E28B4E03A000E4C8A /* AppStoreReview */ = {
			isa = PBXGroup;
			children = (
				CA58161F28B4E04D000E4C8A /* AppStoreReview.swift */,
			);
			path = AppStoreReview;
			sourceTree = "<group>";
		};
		CA7775A9280CD43B0045A202 /* HealthKit */ = {
			isa = PBXGroup;
			children = (
				CA7775AA280CD44C0045A202 /* HealthManager.swift */,
				CA69217628154B2900E99864 /* HealthData.swift */,
			);
			path = HealthKit;
			sourceTree = "<group>";
		};
		CA7775AD280CDB380045A202 /* Frameworks */ = {
			isa = PBXGroup;
			children = (
				CA7775AE280CDB380045A202 /* HealthKit.framework */,
			);
			name = Frameworks;
			sourceTree = "<group>";
		};
		CABF5E2128ACABAE004D7A0F /* HealthView */ = {
			isa = PBXGroup;
			children = (
				CA496B1B27EBEF290067EE63 /* SleepView.swift */,
				CA496B2227EBEF290067EE63 /* WeightView.swift */,
				CA496B1627EBEF290067EE63 /* ActiveEnergyView.swift */,
				CA496B1527EBEF290067EE63 /* WalkingRunningDistanceView.swift */,
				CA496B2027EBEF290067EE63 /* MenstrualView.swift */,
			);
			path = HealthView;
			sourceTree = "<group>";
		};
/* End PBXGroup section */

/* Begin PBXNativeTarget section */
		CA0FA5E427EBEA1700B5EEE1 /* MoodSnap */ = {
			isa = PBXNativeTarget;
			buildConfigurationList = CA0FA5F327EBEA1A00B5EEE1 /* Build configuration list for PBXNativeTarget "MoodSnap" */;
			buildPhases = (
				CA0FA5E127EBEA1700B5EEE1 /* Sources */,
				CA0FA5E227EBEA1700B5EEE1 /* Frameworks */,
				CA0FA5E327EBEA1700B5EEE1 /* Resources */,
			);
			buildRules = (
			);
			dependencies = (
			);
			name = MoodSnap;
			packageProductDependencies = (
				CA496BC127EBF1F30067EE63 /* TPPDF */,
				CA3CD64327EC0074008F0AAE /* Disk */,
			);
			productName = "XC MoodSnap";
			productReference = CA0FA5E527EBEA1700B5EEE1 /* MoodSnap.app */;
			productType = "com.apple.product-type.application";
		};
/* End PBXNativeTarget section */

/* Begin PBXProject section */
		CA0FA5DD27EBEA1700B5EEE1 /* Project object */ = {
			isa = PBXProject;
			attributes = {
				BuildIndependentTargetsInParallel = 1;
				KnownAssetTags = (
					New,
				);
				LastSwiftUpdateCheck = 1330;
				LastUpgradeCheck = 1330;
				TargetAttributes = {
					CA0FA5E427EBEA1700B5EEE1 = {
						CreatedOnToolsVersion = 13.3;
						LastSwiftMigration = 1330;
					};
				};
			};
			buildConfigurationList = CA0FA5E027EBEA1700B5EEE1 /* Build configuration list for PBXProject "MoodSnap" */;
			compatibilityVersion = "Xcode 13.0";
			developmentRegion = en;
			hasScannedForEncodings = 0;
			knownRegions = (
				en,
				Base,
			);
			mainGroup = CA0FA5DC27EBEA1700B5EEE1;
			packageReferences = (
				CA496BC027EBF1F30067EE63 /* XCRemoteSwiftPackageReference "TPPDF" */,
				CA3CD64227EC0074008F0AAE /* XCRemoteSwiftPackageReference "Disk" */,
			);
			productRefGroup = CA0FA5E627EBEA1700B5EEE1 /* Products */;
			projectDirPath = "";
			projectRoot = "";
			targets = (
				CA0FA5E427EBEA1700B5EEE1 /* MoodSnap */,
			);
		};
/* End PBXProject section */

/* Begin PBXResourcesBuildPhase section */
		CA0FA5E327EBEA1700B5EEE1 /* Resources */ = {
			isa = PBXResourcesBuildPhase;
			buildActionMask = 2147483647;
			files = (
				CA496B1227EBEEFC0067EE63 /* Assets.xcassets in Resources */,
				CA5C61A82802464F003151FD /* Localizable.strings in Resources */,
			);
			runOnlyForDeploymentPostprocessing = 0;
		};
/* End PBXResourcesBuildPhase section */

/* Begin PBXSourcesBuildPhase section */
		CA0FA5E127EBEA1700B5EEE1 /* Sources */ = {
			isa = PBXSourcesBuildPhase;
			buildActionMask = 2147483647;
			files = (
				CA496B7D27EBEF2A0067EE63 /* WeightView.swift in Sources */,
				CA496B0727EBEEEE0067EE63 /* Utilities.swift in Sources */,
				CAAA2D1A27F284380096AD22 /* GetDates.swift in Sources */,
				CA58D46927ECFC4300D071B3 /* UnlockView.swift in Sources */,
				CA496B0827EBEEEF0067EE63 /* Counting.swift in Sources */,
				CACD6FEE27F1619500D71730 /* QuoteSnap.swift in Sources */,
				CA496B9B27EBEF2B0067EE63 /* ControlView.swift in Sources */,
				CA496BAB27EBEF2B0067EE63 /* PDFAverageMoodView.swift in Sources */,
				CA496BB527EBEF2B0067EE63 /* GenerateHistory.swift in Sources */,
				CA496B8727EBEF2A0067EE63 /* HistoryMoodView.swift in Sources */,
				CA496B0C27EBEEEF0067EE63 /* Notifications.swift in Sources */,
				CA496B8827EBEF2A0067EE63 /* HistorySymptomsView.swift in Sources */,
				CA496B9927EBEF2B0067EE63 /* HelpView.swift in Sources */,
				CA496B9627EBEF2A0067EE63 /* IntroPopoverView.swift in Sources */,
				CA69217728154B2900E99864 /* HealthData.swift in Sources */,
				CA496B7327EBEF2A0067EE63 /* InfluencesActivityView.swift in Sources */,
				CA4547FF2817CE78006037DA /* Menstrual.swift in Sources */,
				CA496B0F27EBEEEF0067EE63 /* GraphDataConverters.swift in Sources */,
				CA496B9A27EBEF2B0067EE63 /* ContentView.swift in Sources */,
				CA496B9127EBEF2A0067EE63 /* EventView.swift in Sources */,
				CA496B9427EBEF2A0067EE63 /* NoteView.swift in Sources */,
				CA496B7E27EBEF2A0067EE63 /* InfluencesEventsView.swift in Sources */,
				CA496B8A27EBEF2A0067EE63 /* HistoryMediaView.swift in Sources */,
				CA496B7127EBEF2A0067EE63 /* ActiveEnergyView.swift in Sources */,
				CA496BB927EBEF2B0067EE63 /* Influence.swift in Sources */,
				CA496B0A27EBEEEF0067EE63 /* Enumerations.swift in Sources */,
				CA496B7227EBEF2A0067EE63 /* SlidingAverageView.swift in Sources */,
				CA496B1027EBEEEF0067EE63 /* Merging.swift in Sources */,
				CA496B7727EBEF2A0067EE63 /* InsightsView.swift in Sources */,
				CA496B9527EBEF2A0067EE63 /* MoodSnapView.swift in Sources */,
				CA496B7F27EBEF2A0067EE63 /* SlidingVolatilityView.swift in Sources */,
				CA496B8D27EBEF2A0067EE63 /* HistoryItemView.swift in Sources */,
				CA496B6F27EBEF2A0067EE63 /* InfluencesSymptomView.swift in Sources */,
				CA496B9C27EBEF2B0067EE63 /* TestData.swift in Sources */,
				CA496B8927EBEF2A0067EE63 /* HistoryEventView.swift in Sources */,
				CA496BAA27EBEF2B0067EE63 /* PDFSingleSlidingAverageView.swift in Sources */,
				CA496B7C27EBEF2A0067EE63 /* InfluencesHashtagView.swift in Sources */,
				CA496BB027EBEF2B0067EE63 /* GeneratePDF.swift in Sources */,
				CA496ADE27EBEEBE0067EE63 /* HistoryCustomView.swift in Sources */,
				CA496B9827EBEF2B0067EE63 /* DatePickerView.swift in Sources */,
				CA496BB727EBEF2B0067EE63 /* Average.swift in Sources */,
				CA69217928154B8500E99864 /* Nils.swift in Sources */,
				CA496B0E27EBEEEF0067EE63 /* DateConverters.swift in Sources */,
				CA496B8F27EBEF2A0067EE63 /* HistoryQuoteView.swift in Sources */,
				CA496BB427EBEF2B0067EE63 /* Volatility.swift in Sources */,
				CA496BBB27EBEF2B0067EE63 /* AverageMoodSnap.swift in Sources */,
				CA496B0627EBEEEE0067EE63 /* DataStructures.swift in Sources */,
				CA496BA427EBEF2B0067EE63 /* JSON.swift in Sources */,
				CA496BA227EBEF2B0067EE63 /* FileSystem.swift in Sources */,
				CA496BA327EBEF2B0067EE63 /* ImagePicker.swift in Sources */,
				CA496B7827EBEF2A0067EE63 /* TransientReferencePickerView.swift in Sources */,
				CA496B9F27EBEF2B0067EE63 /* Color.swift in Sources */,
				CA496BB127EBEF2B0067EE63 /* Hashtags.swift in Sources */,
				CA496B9E27EBEF2B0067EE63 /* UX.swift in Sources */,
				CA496AB327EBED7B0067EE63 /* MoodSnapApp.swift in Sources */,
				CA496B8627EBEF2A0067EE63 /* HistoryActivityView.swift in Sources */,
				CA496B7627EBEF2A0067EE63 /* SleepView.swift in Sources */,
				CA496BAC27EBEF2B0067EE63 /* PDFMoodHistoryBarView.swift in Sources */,
				CAB7F2DA280DFFFF00E8A823 /* Correlation.swift in Sources */,
				CA496BB327EBEF2B0067EE63 /* Transients.swift in Sources */,
				CA496B9327EBEF2A0067EE63 /* MediaView.swift in Sources */,
				CA496B7027EBEF2A0067EE63 /* WalkingRunningDistanceView.swift in Sources */,
				CA7775AB280CD44C0045A202 /* HealthManager.swift in Sources */,
				CA496BAE27EBEF2B0067EE63 /* PDFSingleMoodHistoryBarView.swift in Sources */,
				CA496B7B27EBEF2A0067EE63 /* MenstrualView.swift in Sources */,
				CA496B7A27EBEF2A0067EE63 /* TransientView.swift in Sources */,
				CA496BA927EBEF2B0067EE63 /* PDFViewUI.swift in Sources */,
				CA496B8C27EBEF2A0067EE63 /* HistoryNoteView.swift in Sources */,
				CA496B0927EBEEEF0067EE63 /* Sorting.swift in Sources */,
				CA496B8B27EBEF2A0067EE63 /* HistorySocialView.swift in Sources */,
				CA496B9227EBEF2A0067EE63 /* SettingsView.swift in Sources */,
				CA496B9027EBEF2A0067EE63 /* MoodLevelsView.swift in Sources */,
				CA496B8E27EBEF2A0067EE63 /* HistoryView.swift in Sources */,
				CA496B8027EBEF2A0067EE63 /* MoodHistoryBarView.swift in Sources */,
				CA58162028B4E04D000E4C8A /* AppStoreReview.swift in Sources */,
				CA0C523D281614A000B1595C /* SuperimposedBarLineChart.swift in Sources */,
				CA496BA627EBEF2B0067EE63 /* DataStore.swift in Sources */,
				CAB7DB9E28184C04004866B3 /* TransientWithPickerView.swift in Sources */,
				CA87642E2814D7EC000FEEEC /* VerticalBarChart.swift in Sources */,
				CA496BAF27EBEF2B0067EE63 /* ReportView.swift in Sources */,
				CA496B0B27EBEEEF0067EE63 /* Filtering.swift in Sources */,
				CA496B7527EBEF2A0067EE63 /* AverageMoodView.swift in Sources */,
				CA496BA827EBEF2B0067EE63 /* PDFSingleSlidingVolatilityView.swift in Sources */,
				CA496B7427EBEF2A0067EE63 /* InfluencesSocialView.swift in Sources */,
				CA496B0527EBEEEE0067EE63 /* Constants.swift in Sources */,
				CA87642C2814D7A1000FEEEC /* LineChart.swift in Sources */,
				CA496BAD27EBEF2B0067EE63 /* ViewAsImage.swift in Sources */,
				CA78ABC02825F769002C6A3B /* TickSlider.swift in Sources */,
				CA496B7927EBEF2A0067EE63 /* TallyView.swift in Sources */,
			);
			runOnlyForDeploymentPostprocessing = 0;
		};
/* End PBXSourcesBuildPhase section */

/* Begin PBXVariantGroup section */
		CA5C61AA2802464F003151FD /* Localizable.strings */ = {
			isa = PBXVariantGroup;
			children = (
				CA5C61A92802464F003151FD /* en */,
			);
			name = Localizable.strings;
			sourceTree = "<group>";
		};
/* End PBXVariantGroup section */

/* Begin XCBuildConfiguration section */
		CA0FA5F127EBEA1A00B5EEE1 /* Debug */ = {
			isa = XCBuildConfiguration;
			buildSettings = {
				ALWAYS_SEARCH_USER_PATHS = NO;
				CLANG_ANALYZER_NONNULL = YES;
				CLANG_ANALYZER_NUMBER_OBJECT_CONVERSION = YES_AGGRESSIVE;
				CLANG_CXX_LANGUAGE_STANDARD = "gnu++17";
				CLANG_ENABLE_MODULES = YES;
				CLANG_ENABLE_OBJC_ARC = YES;
				CLANG_ENABLE_OBJC_WEAK = YES;
				CLANG_WARN_BLOCK_CAPTURE_AUTORELEASING = YES;
				CLANG_WARN_BOOL_CONVERSION = YES;
				CLANG_WARN_COMMA = YES;
				CLANG_WARN_CONSTANT_CONVERSION = YES;
				CLANG_WARN_DEPRECATED_OBJC_IMPLEMENTATIONS = YES;
				CLANG_WARN_DIRECT_OBJC_ISA_USAGE = YES_ERROR;
				CLANG_WARN_DOCUMENTATION_COMMENTS = YES;
				CLANG_WARN_EMPTY_BODY = YES;
				CLANG_WARN_ENUM_CONVERSION = YES;
				CLANG_WARN_INFINITE_RECURSION = YES;
				CLANG_WARN_INT_CONVERSION = YES;
				CLANG_WARN_NON_LITERAL_NULL_CONVERSION = YES;
				CLANG_WARN_OBJC_IMPLICIT_RETAIN_SELF = YES;
				CLANG_WARN_OBJC_LITERAL_CONVERSION = YES;
				CLANG_WARN_OBJC_ROOT_CLASS = YES_ERROR;
				CLANG_WARN_QUOTED_INCLUDE_IN_FRAMEWORK_HEADER = YES;
				CLANG_WARN_RANGE_LOOP_ANALYSIS = YES;
				CLANG_WARN_STRICT_PROTOTYPES = YES;
				CLANG_WARN_SUSPICIOUS_MOVE = YES;
				CLANG_WARN_UNGUARDED_AVAILABILITY = YES_AGGRESSIVE;
				CLANG_WARN_UNREACHABLE_CODE = YES;
				CLANG_WARN__DUPLICATE_METHOD_MATCH = YES;
				COPY_PHASE_STRIP = NO;
				DEBUG_INFORMATION_FORMAT = dwarf;
				ENABLE_STRICT_OBJC_MSGSEND = YES;
				ENABLE_TESTABILITY = YES;
				GCC_C_LANGUAGE_STANDARD = gnu11;
				GCC_DYNAMIC_NO_PIC = NO;
				GCC_NO_COMMON_BLOCKS = YES;
				GCC_OPTIMIZATION_LEVEL = 0;
				GCC_PREPROCESSOR_DEFINITIONS = (
					"DEBUG=1",
					"$(inherited)",
				);
				GCC_WARN_64_TO_32_BIT_CONVERSION = YES;
				GCC_WARN_ABOUT_RETURN_TYPE = YES_ERROR;
				GCC_WARN_UNDECLARED_SELECTOR = YES;
				GCC_WARN_UNINITIALIZED_AUTOS = YES_AGGRESSIVE;
				GCC_WARN_UNUSED_FUNCTION = YES;
				GCC_WARN_UNUSED_VARIABLE = YES;
				IPHONEOS_DEPLOYMENT_TARGET = 15.4;
				MTL_ENABLE_DEBUG_INFO = INCLUDE_SOURCE;
				MTL_FAST_MATH = YES;
				ONLY_ACTIVE_ARCH = YES;
				SDKROOT = iphoneos;
				SWIFT_ACTIVE_COMPILATION_CONDITIONS = DEBUG;
				SWIFT_OPTIMIZATION_LEVEL = "-O";
			};
			name = Debug;
		};
		CA0FA5F227EBEA1A00B5EEE1 /* Release */ = {
			isa = XCBuildConfiguration;
			buildSettings = {
				ALWAYS_SEARCH_USER_PATHS = NO;
				CLANG_ANALYZER_NONNULL = YES;
				CLANG_ANALYZER_NUMBER_OBJECT_CONVERSION = YES_AGGRESSIVE;
				CLANG_CXX_LANGUAGE_STANDARD = "gnu++17";
				CLANG_ENABLE_MODULES = YES;
				CLANG_ENABLE_OBJC_ARC = YES;
				CLANG_ENABLE_OBJC_WEAK = YES;
				CLANG_WARN_BLOCK_CAPTURE_AUTORELEASING = YES;
				CLANG_WARN_BOOL_CONVERSION = YES;
				CLANG_WARN_COMMA = YES;
				CLANG_WARN_CONSTANT_CONVERSION = YES;
				CLANG_WARN_DEPRECATED_OBJC_IMPLEMENTATIONS = YES;
				CLANG_WARN_DIRECT_OBJC_ISA_USAGE = YES_ERROR;
				CLANG_WARN_DOCUMENTATION_COMMENTS = YES;
				CLANG_WARN_EMPTY_BODY = YES;
				CLANG_WARN_ENUM_CONVERSION = YES;
				CLANG_WARN_INFINITE_RECURSION = YES;
				CLANG_WARN_INT_CONVERSION = YES;
				CLANG_WARN_NON_LITERAL_NULL_CONVERSION = YES;
				CLANG_WARN_OBJC_IMPLICIT_RETAIN_SELF = YES;
				CLANG_WARN_OBJC_LITERAL_CONVERSION = YES;
				CLANG_WARN_OBJC_ROOT_CLASS = YES_ERROR;
				CLANG_WARN_QUOTED_INCLUDE_IN_FRAMEWORK_HEADER = YES;
				CLANG_WARN_RANGE_LOOP_ANALYSIS = YES;
				CLANG_WARN_STRICT_PROTOTYPES = YES;
				CLANG_WARN_SUSPICIOUS_MOVE = YES;
				CLANG_WARN_UNGUARDED_AVAILABILITY = YES_AGGRESSIVE;
				CLANG_WARN_UNREACHABLE_CODE = YES;
				CLANG_WARN__DUPLICATE_METHOD_MATCH = YES;
				COPY_PHASE_STRIP = NO;
				DEBUG_INFORMATION_FORMAT = "dwarf-with-dsym";
				ENABLE_NS_ASSERTIONS = NO;
				ENABLE_STRICT_OBJC_MSGSEND = YES;
				GCC_C_LANGUAGE_STANDARD = gnu11;
				GCC_NO_COMMON_BLOCKS = YES;
				GCC_WARN_64_TO_32_BIT_CONVERSION = YES;
				GCC_WARN_ABOUT_RETURN_TYPE = YES_ERROR;
				GCC_WARN_UNDECLARED_SELECTOR = YES;
				GCC_WARN_UNINITIALIZED_AUTOS = YES_AGGRESSIVE;
				GCC_WARN_UNUSED_FUNCTION = YES;
				GCC_WARN_UNUSED_VARIABLE = YES;
				IPHONEOS_DEPLOYMENT_TARGET = 15.4;
				MTL_ENABLE_DEBUG_INFO = NO;
				MTL_FAST_MATH = YES;
				SDKROOT = iphoneos;
				SWIFT_COMPILATION_MODE = wholemodule;
				SWIFT_OPTIMIZATION_LEVEL = "-O";
				VALIDATE_PRODUCT = YES;
			};
			name = Release;
		};
		CA0FA5F427EBEA1A00B5EEE1 /* Debug */ = {
			isa = XCBuildConfiguration;
			buildSettings = {
				ASSETCATALOG_COMPILER_APPICON_NAME = AppIcon;
				ASSETCATALOG_COMPILER_GLOBAL_ACCENT_COLOR_NAME = AccentColor;
				CLANG_ENABLE_MODULES = YES;
				CODE_SIGN_ENTITLEMENTS = MoodSnap.entitlements;
				CODE_SIGN_STYLE = Automatic;
				CURRENT_PROJECT_VERSION = 1;
				DEVELOPMENT_ASSET_PATHS = "";
				DEVELOPMENT_TEAM = ULMGDWJT46;
				ENABLE_PREVIEWS = YES;
				GENERATE_INFOPLIST_FILE = YES;
				INFOPLIST_FILE = "MoodSnap-Info.plist";
				INFOPLIST_KEY_LSApplicationCategoryType = "";
				INFOPLIST_KEY_NSCameraUsageDescription = "For taking photo diaries";
				INFOPLIST_KEY_NSDocumentsFolderUsageDescription = "For saving data";
				INFOPLIST_KEY_NSFaceIDUsageDescription = "For secure login";
				INFOPLIST_KEY_NSFileProviderPresenceUsageDescription = "FS access";
				INFOPLIST_KEY_NSHealthClinicalHealthRecordsShareUsageDescription = "Health data for insights";
				INFOPLIST_KEY_NSHealthShareUsageDescription = "Health data for insights";
				INFOPLIST_KEY_NSHealthUpdateUsageDescription = "Health data for insights";
				INFOPLIST_KEY_NSPhotoLibraryAddUsageDescription = "For adding photos to camera roll";
				INFOPLIST_KEY_NSPhotoLibraryUsageDescription = "For adding photos to photo diary";
				INFOPLIST_KEY_UIApplicationSceneManifest_Generation = YES;
				INFOPLIST_KEY_UIApplicationSupportsIndirectInputEvents = YES;
				INFOPLIST_KEY_UILaunchScreen_Generation = YES;
				INFOPLIST_KEY_UISupportedInterfaceOrientations = UIInterfaceOrientationPortrait;
				INFOPLIST_KEY_UISupportedInterfaceOrientations_iPad = "UIInterfaceOrientationPortrait UIInterfaceOrientationPortraitUpsideDown UIInterfaceOrientationLandscapeLeft UIInterfaceOrientationLandscapeRight";
				INFOPLIST_KEY_UISupportedInterfaceOrientations_iPhone = "UIInterfaceOrientationPortrait UIInterfaceOrientationLandscapeLeft UIInterfaceOrientationLandscapeRight";
				LD_RUNPATH_SEARCH_PATHS = (
					"$(inherited)",
					"@executable_path/Frameworks",
				);
				MARKETING_VERSION = 1.9;
				PRODUCT_BUNDLE_IDENTIFIER = "Peter-Rohde.MoodSnap";
				PRODUCT_NAME = "$(TARGET_NAME)";
				SUPPORTED_PLATFORMS = "iphoneos iphonesimulator";
				SUPPORTS_MACCATALYST = NO;
				SUPPORTS_MAC_DESIGNED_FOR_IPHONE_IPAD = YES;
				SWIFT_EMIT_LOC_STRINGS = YES;
				SWIFT_OPTIMIZATION_LEVEL = "-Onone";
				SWIFT_VERSION = 5.0;
				TARGETED_DEVICE_FAMILY = 1;
			};
			name = Debug;
		};
		CA0FA5F527EBEA1A00B5EEE1 /* Release */ = {
			isa = XCBuildConfiguration;
			buildSettings = {
				ASSETCATALOG_COMPILER_APPICON_NAME = AppIcon;
				ASSETCATALOG_COMPILER_GLOBAL_ACCENT_COLOR_NAME = AccentColor;
				CLANG_ENABLE_MODULES = YES;
				CODE_SIGN_ENTITLEMENTS = MoodSnap.entitlements;
				CODE_SIGN_STYLE = Automatic;
				CURRENT_PROJECT_VERSION = 1;
				DEVELOPMENT_ASSET_PATHS = "";
				DEVELOPMENT_TEAM = ULMGDWJT46;
				ENABLE_PREVIEWS = YES;
				GENERATE_INFOPLIST_FILE = YES;
				INFOPLIST_FILE = "MoodSnap-Info.plist";
				INFOPLIST_KEY_LSApplicationCategoryType = "";
				INFOPLIST_KEY_NSCameraUsageDescription = "For taking photo diaries";
				INFOPLIST_KEY_NSDocumentsFolderUsageDescription = "For saving data";
				INFOPLIST_KEY_NSFaceIDUsageDescription = "For secure login";
				INFOPLIST_KEY_NSFileProviderPresenceUsageDescription = "FS access";
				INFOPLIST_KEY_NSHealthClinicalHealthRecordsShareUsageDescription = "Health data for insights";
				INFOPLIST_KEY_NSHealthShareUsageDescription = "Health data for insights";
				INFOPLIST_KEY_NSHealthUpdateUsageDescription = "Health data for insights";
				INFOPLIST_KEY_NSPhotoLibraryAddUsageDescription = "For adding photos to camera roll";
				INFOPLIST_KEY_NSPhotoLibraryUsageDescription = "For adding photos to photo diary";
				INFOPLIST_KEY_UIApplicationSceneManifest_Generation = YES;
				INFOPLIST_KEY_UIApplicationSupportsIndirectInputEvents = YES;
				INFOPLIST_KEY_UILaunchScreen_Generation = YES;
				INFOPLIST_KEY_UISupportedInterfaceOrientations = UIInterfaceOrientationPortrait;
				INFOPLIST_KEY_UISupportedInterfaceOrientations_iPad = "UIInterfaceOrientationPortrait UIInterfaceOrientationPortraitUpsideDown UIInterfaceOrientationLandscapeLeft UIInterfaceOrientationLandscapeRight";
				INFOPLIST_KEY_UISupportedInterfaceOrientations_iPhone = "UIInterfaceOrientationPortrait UIInterfaceOrientationLandscapeLeft UIInterfaceOrientationLandscapeRight";
				LD_RUNPATH_SEARCH_PATHS = (
					"$(inherited)",
					"@executable_path/Frameworks",
				);
				MARKETING_VERSION = 1.9;
				PRODUCT_BUNDLE_IDENTIFIER = "Peter-Rohde.MoodSnap";
				PRODUCT_NAME = "$(TARGET_NAME)";
				SUPPORTED_PLATFORMS = "iphoneos iphonesimulator";
				SUPPORTS_MACCATALYST = NO;
				SUPPORTS_MAC_DESIGNED_FOR_IPHONE_IPAD = YES;
				SWIFT_EMIT_LOC_STRINGS = YES;
				SWIFT_VERSION = 5.0;
				TARGETED_DEVICE_FAMILY = 1;
			};
			name = Release;
		};
/* End XCBuildConfiguration section */

/* Begin XCConfigurationList section */
		CA0FA5E027EBEA1700B5EEE1 /* Build configuration list for PBXProject "MoodSnap" */ = {
			isa = XCConfigurationList;
			buildConfigurations = (
				CA0FA5F127EBEA1A00B5EEE1 /* Debug */,
				CA0FA5F227EBEA1A00B5EEE1 /* Release */,
			);
			defaultConfigurationIsVisible = 0;
			defaultConfigurationName = Release;
		};
		CA0FA5F327EBEA1A00B5EEE1 /* Build configuration list for PBXNativeTarget "MoodSnap" */ = {
			isa = XCConfigurationList;
			buildConfigurations = (
				CA0FA5F427EBEA1A00B5EEE1 /* Debug */,
				CA0FA5F527EBEA1A00B5EEE1 /* Release */,
			);
			defaultConfigurationIsVisible = 0;
			defaultConfigurationName = Release;
		};
/* End XCConfigurationList section */

/* Begin XCRemoteSwiftPackageReference section */
		CA3CD64227EC0074008F0AAE /* XCRemoteSwiftPackageReference "Disk" */ = {
			isa = XCRemoteSwiftPackageReference;
			repositoryURL = "https://github.com/saoudrizwan/Disk";
			requirement = {
				kind = upToNextMajorVersion;
				minimumVersion = 0.6.4;
			};
		};
		CA496BC027EBF1F30067EE63 /* XCRemoteSwiftPackageReference "TPPDF" */ = {
			isa = XCRemoteSwiftPackageReference;
			repositoryURL = "https://github.com/techprimate/TPPDF";
			requirement = {
				kind = upToNextMajorVersion;
				minimumVersion = 2.0.0;
			};
		};
/* End XCRemoteSwiftPackageReference section */

/* Begin XCSwiftPackageProductDependency section */
		CA3CD64327EC0074008F0AAE /* Disk */ = {
			isa = XCSwiftPackageProductDependency;
			package = CA3CD64227EC0074008F0AAE /* XCRemoteSwiftPackageReference "Disk" */;
			productName = Disk;
		};
		CA496BC127EBF1F30067EE63 /* TPPDF */ = {
			isa = XCSwiftPackageProductDependency;
			package = CA496BC027EBF1F30067EE63 /* XCRemoteSwiftPackageReference "TPPDF" */;
			productName = TPPDF;
		};
/* End XCSwiftPackageProductDependency section */
	};
	rootObject = CA0FA5DD27EBEA1700B5EEE1 /* Project object */;
}
